// !$*UTF8*$!
{
	archiveVersion = 1;
	classes = {
	};
	objectVersion = 46;
	objects = {

/* Begin PBXBuildFile section */
		3E7090E51D009E650095778E /* AppDelegate.swift in Sources */ = {isa = PBXBuildFile; fileRef = 3E7090E41D009E650095778E /* AppDelegate.swift */; };
		3E7090E71D009E650095778E /* ViewController.swift in Sources */ = {isa = PBXBuildFile; fileRef = 3E7090E61D009E650095778E /* ViewController.swift */; };
		3E7090EA1D009E650095778E /* Main.storyboard in Resources */ = {isa = PBXBuildFile; fileRef = 3E7090E81D009E650095778E /* Main.storyboard */; };
		3E7090EC1D009E650095778E /* Assets.xcassets in Resources */ = {isa = PBXBuildFile; fileRef = 3E7090EB1D009E650095778E /* Assets.xcassets */; };
		3E7090EF1D009E650095778E /* LaunchScreen.storyboard in Resources */ = {isa = PBXBuildFile; fileRef = 3E7090ED1D009E650095778E /* LaunchScreen.storyboard */; };
		3E7090F71D009E760095778E /* README.md in Resources */ = {isa = PBXBuildFile; fileRef = 3E7090F61D009E760095778E /* README.md */; };
/* End PBXBuildFile section */

/* Begin PBXFileReference section */
		3E7090E11D009E650095778E /* ButtonCenteredWithAnchors.app */ = {isa = PBXFileReference; explicitFileType = wrapper.application; includeInIndex = 0; path = ButtonCenteredWithAnchors.app; sourceTree = BUILT_PRODUCTS_DIR; };
		3E7090E41D009E650095778E /* AppDelegate.swift */ = {isa = PBXFileReference; lastKnownFileType = sourcecode.swift; path = AppDelegate.swift; sourceTree = "<group>"; };
		3E7090E61D009E650095778E /* ViewController.swift */ = {isa = PBXFileReference; lastKnownFileType = sourcecode.swift; path = ViewController.swift; sourceTree = "<group>"; };
		3E7090E91D009E650095778E /* Base */ = {isa = PBXFileReference; lastKnownFileType = file.storyboard; name = Base; path = Base.lproj/Main.storyboard; sourceTree = "<group>"; };
		3E7090EB1D009E650095778E /* Assets.xcassets */ = {isa = PBXFileReference; lastKnownFileType = folder.assetcatalog; path = Assets.xcassets; sourceTree = "<group>"; };
		3E7090EE1D009E650095778E /* Base */ = {isa = PBXFileReference; lastKnownFileType = file.storyboard; name = Base; path = Base.lproj/LaunchScreen.storyboard; sourceTree = "<group>"; };
		3E7090F01D009E650095778E /* Info.plist */ = {isa = PBXFileReference; lastKnownFileType = text.plist.xml; path = Info.plist; sourceTree = "<group>"; };
		3E7090F61D009E760095778E /* README.md */ = {isa = PBXFileReference; fileEncoding = 4; lastKnownFileType = net.daringfireball.markdown; path = README.md; sourceTree = "<group>"; };
/* End PBXFileReference section */

/* Begin PBXFrameworksBuildPhase section */
		3E7090DE1D009E650095778E /* Frameworks */ = {
			isa = PBXFrameworksBuildPhase;
			buildActionMask = 2147483647;
			files = (
			);
			runOnlyForDeploymentPostprocessing = 0;
		};
/* End PBXFrameworksBuildPhase section */

/* Begin PBXGroup section */
		3E7090D81D009E650095778E = {
			isa = PBXGroup;
			children = (
				3E7090E31D009E650095778E /* ButtonCenteredWithAnchors */,
				3E7090E21D009E650095778E /* Products */,
			);
			sourceTree = "<group>";
		};
		3E7090E21D009E650095778E /* Products */ = {
			isa = PBXGroup;
			children = (
				3E7090E11D009E650095778E /* ButtonCenteredWithAnchors.app */,
			);
			name = Products;
			sourceTree = "<group>";
		};
		3E7090E31D009E650095778E /* ButtonCenteredWithAnchors */ = {
			isa = PBXGroup;
			children = (
				3E7090F61D009E760095778E /* README.md */,
				3E7090E41D009E650095778E /* AppDelegate.swift */,
				3E7090E61D009E650095778E /* ViewController.swift */,
				3E7090E81D009E650095778E /* Main.storyboard */,
				3E7090EB1D009E650095778E /* Assets.xcassets */,
				3E7090ED1D009E650095778E /* LaunchScreen.storyboard */,
				3E7090F01D009E650095778E /* Info.plist */,
			);
			path = ButtonCenteredWithAnchors;
			sourceTree = "<group>";
		};
/* End PBXGroup section */

/* Begin PBXNativeTarget section */
		3E7090E01D009E650095778E /* ButtonCenteredWithAnchors */ = {
			isa = PBXNativeTarget;
			buildConfigurationList = 3E7090F31D009E650095778E /* Build configuration list for PBXNativeTarget "ButtonCenteredWithAnchors" */;
			buildPhases = (
				3E7090DD1D009E650095778E /* Sources */,
				3E7090DE1D009E650095778E /* Frameworks */,
				3E7090DF1D009E650095778E /* Resources */,
			);
			buildRules = (
			);
			dependencies = (
			);
			name = ButtonCenteredWithAnchors;
			productName = ButtonCenteredWithAnchors;
			productReference = 3E7090E11D009E650095778E /* ButtonCenteredWithAnchors.app */;
			productType = "com.apple.product-type.application";
		};
/* End PBXNativeTarget section */

/* Begin PBXProject section */
		3E7090D91D009E650095778E /* Project object */ = {
			isa = PBXProject;
			attributes = {
				LastSwiftUpdateCheck = 0730;
				LastUpgradeCheck = 0900;
				ORGANIZATIONNAME = h4labs;
				TargetAttributes = {
					3E7090E01D009E650095778E = {
						CreatedOnToolsVersion = 7.3.1;
						LastSwiftMigration = 0900;
					};
				};
			};
			buildConfigurationList = 3E7090DC1D009E650095778E /* Build configuration list for PBXProject "ButtonCenteredWithAnchors" */;
			compatibilityVersion = "Xcode 3.2";
			developmentRegion = English;
			hasScannedForEncodings = 0;
			knownRegions = (
				en,
				Base,
			);
			mainGroup = 3E7090D81D009E650095778E;
			productRefGroup = 3E7090E21D009E650095778E /* Products */;
			projectDirPath = "";
			projectRoot = "";
			targets = (
				3E7090E01D009E650095778E /* ButtonCenteredWithAnchors */,
			);
		};
/* End PBXProject section */

/* Begin PBXResourcesBuildPhase section */
		3E7090DF1D009E650095778E /* Resources */ = {
			isa = PBXResourcesBuildPhase;
			buildActionMask = 2147483647;
			files = (
				3E7090EF1D009E650095778E /* LaunchScreen.storyboard in Resources */,
				3E7090EC1D009E650095778E /* Assets.xcassets in Resources */,
				3E7090F71D009E760095778E /* README.md in Resources */,
				3E7090EA1D009E650095778E /* Main.storyboard in Resources */,
			);
			runOnlyForDeploymentPostprocessing = 0;
		};
/* End PBXResourcesBuildPhase section */

/* Begin PBXSourcesBuildPhase section */
		3E7090DD1D009E650095778E /* Sources */ = {
			isa = PBXSourcesBuildPhase;
			buildActionMask = 2147483647;
			files = (
				3E7090E71D009E650095778E /* ViewController.swift in Sources */,
				3E7090E51D009E650095778E /* AppDelegate.swift in Sources */,
			);
			runOnlyForDeploymentPostprocessing = 0;
		};
/* End PBXSourcesBuildPhase section */

/* Begin PBXVariantGroup section */
		3E7090E81D009E650095778E /* Main.storyboard */ = {
			isa = PBXVariantGroup;
			children = (
				3E7090E91D009E650095778E /* Base */,
			);
			name = Main.storyboard;
			sourceTree = "<group>";
		};
		3E7090ED1D009E650095778E /* LaunchScreen.storyboard */ = {
			isa = PBXVariantGroup;
			children = (
				3E7090EE1D009E650095778E /* Base */,
			);
			name = LaunchScreen.storyboard;
			sourceTree = "<group>";
		};
/* End PBXVariantGroup section */

/* Begin XCBuildConfiguration section */
		3E7090F11D009E650095778E /* Debug */ = {
			isa = XCBuildConfiguration;
			buildSettings = {
				ALWAYS_SEARCH_USER_PATHS = NO;
				CLANG_ANALYZER_NONNULL = YES;
				CLANG_CXX_LANGUAGE_STANDARD = "gnu++0x";
				CLANG_CXX_LIBRARY = "libc++";
				CLANG_ENABLE_MODULES = YES;
				CLANG_ENABLE_OBJC_ARC = YES;
				CLANG_WARN_BLOCK_CAPTURE_AUTORELEASING = YES;
				CLANG_WARN_BOOL_CONVERSION = YES;
				CLANG_WARN_COMMA = YES;
				CLANG_WARN_CONSTANT_CONVERSION = YES;
				CLANG_WARN_DIRECT_OBJC_ISA_USAGE = YES_ERROR;
				CLANG_WARN_EMPTY_BODY = YES;
				CLANG_WARN_ENUM_CONVERSION = YES;
				CLANG_WARN_INFINITE_RECURSION = YES;
				CLANG_WARN_INT_CONVERSION = YES;
				CLANG_WARN_NON_LITERAL_NULL_CONVERSION = YES;
				CLANG_WARN_OBJC_LITERAL_CONVERSION = YES;
				CLANG_WARN_OBJC_ROOT_CLASS = YES_ERROR;
				CLANG_WARN_RANGE_LOOP_ANALYSIS = YES;
				CLANG_WARN_STRICT_PROTOTYPES = YES;
				CLANG_WARN_SUSPICIOUS_MOVE = YES;
				CLANG_WARN_UNREACHABLE_CODE = YES;
				CLANG_WARN__DUPLICATE_METHOD_MATCH = YES;
				"CODE_SIGN_IDENTITY[sdk=iphoneos*]" = "iPhone Developer";
				COPY_PHASE_STRIP = NO;
				DEBUG_INFORMATION_FORMAT = dwarf;
				ENABLE_STRICT_OBJC_MSGSEND = YES;
				ENABLE_TESTABILITY = YES;
				GCC_C_LANGUAGE_STANDARD = gnu99;
				GCC_DYNAMIC_NO_PIC = NO;
				GCC_NO_COMMON_BLOCKS = YES;
				GCC_OPTIMIZATION_LEVEL = 0;
				GCC_PREPROCESSOR_DEFINITIONS = (
					"DEBUG=1",
					"$(inherited)",
				);
				GCC_WARN_64_TO_32_BIT_CONVERSION = YES;
				GCC_WARN_ABOUT_RETURN_TYPE = YES_ERROR;
				GCC_WARN_UNDECLARED_SELECTOR = YES;
				GCC_WARN_UNINITIALIZED_AUTOS = YES_AGGRESSIVE;
				GCC_WARN_UNUSED_FUNCTION = YES;
				GCC_WARN_UNUSED_VARIABLE = YES;
				IPHONEOS_DEPLOYMENT_TARGET = 11.0;
				MTL_ENABLE_DEBUG_INFO = YES;
				ONLY_ACTIVE_ARCH = YES;
				SDKROOT = iphoneos;
				SWIFT_OPTIMIZATION_LEVEL = "-Onone";
				TARGETED_DEVICE_FAMILY = "1,2";
			};
			name = Debug;
		};
		3E7090F21D009E650095778E /* Release */ = {
			isa = XCBuildConfiguration;
			buildSettings = {
				ALWAYS_SEARCH_USER_PATHS = NO;
				CLANG_ANALYZER_NONNULL = YES;
				CLANG_CXX_LANGUAGE_STANDARD = "gnu++0x";
				CLANG_CXX_LIBRARY = "libc++";
				CLANG_ENABLE_MODULES = YES;
				CLANG_ENABLE_OBJC_ARC = YES;
				CLANG_WARN_BLOCK_CAPTURE_AUTORELEASING = YES;
				CLANG_WARN_BOOL_CONVERSION = YES;
				CLANG_WARN_COMMA = YES;
				CLANG_WARN_CONSTANT_CONVERSION = YES;
				CLANG_WARN_DIRECT_OBJC_ISA_USAGE = YES_ERROR;
				CLANG_WARN_EMPTY_BODY = YES;
				CLANG_WARN_ENUM_CONVERSION = YES;
				CLANG_WARN_INFINITE_RECURSION = YES;
				CLANG_WARN_INT_CONVERSION = YES;
				CLANG_WARN_NON_LITERAL_NULL_CONVERSION = YES;
				CLANG_WARN_OBJC_LITERAL_CONVERSION = YES;
				CLANG_WARN_OBJC_ROOT_CLASS = YES_ERROR;
				CLANG_WARN_RANGE_LOOP_ANALYSIS = YES;
				CLANG_WARN_STRICT_PROTOTYPES = YES;
				CLANG_WARN_SUSPICIOUS_MOVE = YES;
				CLANG_WARN_UNREACHABLE_CODE = YES;
				CLANG_WARN__DUPLICATE_METHOD_MATCH = YES;
				"CODE_SIGN_IDENTITY[sdk=iphoneos*]" = "iPhone Developer";
				COPY_PHASE_STRIP = NO;
				DEBUG_INFORMATION_FORMAT = "dwarf-with-dsym";
				ENABLE_NS_ASSERTIONS = NO;
				ENABLE_STRICT_OBJC_MSGSEND = YES;
				GCC_C_LANGUAGE_STANDARD = gnu99;
				GCC_NO_COMMON_BLOCKS = YES;
				GCC_WARN_64_TO_32_BIT_CONVERSION = YES;
				GCC_WARN_ABOUT_RETURN_TYPE = YES_ERROR;
				GCC_WARN_UNDECLARED_SELECTOR = YES;
				GCC_WARN_UNINITIALIZED_AUTOS = YES_AGGRESSIVE;
				GCC_WARN_UNUSED_FUNCTION = YES;
				GCC_WARN_UNUSED_VARIABLE = YES;
				IPHONEOS_DEPLOYMENT_TARGET = 11.0;
				MTL_ENABLE_DEBUG_INFO = NO;
				SDKROOT = iphoneos;
				TARGETED_DEVICE_FAMILY = "1,2";
				VALIDATE_PRODUCT = YES;
			};
			name = Release;
		};
		3E7090F41D009E650095778E /* Debug */ = {
			isa = XCBuildConfiguration;
			buildSettings = {
				ASSETCATALOG_COMPILER_APPICON_NAME = AppIcon;
				INFOPLIST_FILE = ButtonCenteredWithAnchors/Info.plist;
				LD_RUNPATH_SEARCH_PATHS = "$(inherited) @executable_path/Frameworks";
				PRODUCT_BUNDLE_IDENTIFIER = com.h4labs.ButtonCenteredWithAnchors;
				PRODUCT_NAME = "$(TARGET_NAME)";
				SWIFT_SWIFT3_OBJC_INFERENCE = Default;
				SWIFT_VERSION = 4.0;
			};
			name = Debug;
		};
		3E7090F51D009E650095778E /* Release */ = {
			isa = XCBuildConfiguration;
			buildSettings = {
				ASSETCATALOG_COMPILER_APPICON_NAME = AppIcon;
				INFOPLIST_FILE = ButtonCenteredWithAnchors/Info.plist;
				LD_RUNPATH_SEARCH_PATHS = "$(inherited) @executable_path/Frameworks";
				PRODUCT_BUNDLE_IDENTIFIER = com.h4labs.ButtonCenteredWithAnchors;
				PRODUCT_NAME = "$(TARGET_NAME)";
				SWIFT_OPTIMIZATION_LEVEL = "-Owholemodule";
				SWIFT_SWIFT3_OBJC_INFERENCE = Default;
				SWIFT_VERSION = 4.0;
			};
			name = Release;
		};
/* End XCBuildConfiguration section */

/* Begin XCConfigurationList section */
		3E7090DC1D009E650095778E /* Build configuration list for PBXProject "ButtonCenteredWithAnchors" */ = {
			isa = XCConfigurationList;
			buildConfigurations = (
				3E7090F11D009E650095778E /* Debug */,
				3E7090F21D009E650095778E /* Release */,
			);
			defaultConfigurationIsVisible = 0;
			defaultConfigurationName = Release;
		};
		3E7090F31D009E650095778E /* Build configuration list for PBXNativeTarget "ButtonCenteredWithAnchors" */ = {
			isa = XCConfigurationList;
			buildConfigurations = (
				3E7090F41D009E650095778E /* Debug */,
				3E7090F51D009E650095778E /* Release */,
			);
			defaultConfigurationIsVisible = 0;
			defaultConfigurationName = Release;
		};
/* End XCConfigurationList section */
	};
	rootObject = 3E7090D91D009E650095778E /* Project object */;
}
