// !$*UTF8*$!
{
	archiveVersion = 1;
	classes = {
	};
	objectVersion = 51;
	objects = {

/* Begin PBXBuildFile section */
		3E4CD5C81DA82CF600B1FF1D /* AppDelegate.swift in Sources */ = {isa = PBXBuildFile; fileRef = 3E4CD5C71DA82CF600B1FF1D /* AppDelegate.swift */; };
		3E4CD5CA1DA82CF600B1FF1D /* ViewController.swift in Sources */ = {isa = PBXBuildFile; fileRef = 3E4CD5C91DA82CF600B1FF1D /* ViewController.swift */; };
		3E4CD5CD1DA82CF600B1FF1D /* Main.storyboard in Resources */ = {isa = PBXBuildFile; fileRef = 3E4CD5CB1DA82CF600B1FF1D /* Main.storyboard */; };
		3E4CD5CF1DA82CF600B1FF1D /* Assets.xcassets in Resources */ = {isa = PBXBuildFile; fileRef = 3E4CD5CE1DA82CF600B1FF1D /* Assets.xcassets */; };
		3E4CD5D21DA82CF600B1FF1D /* LaunchScreen.storyboard in Resources */ = {isa = PBXBuildFile; fileRef = 3E4CD5D01DA82CF600B1FF1D /* LaunchScreen.storyboard */; };
		3E4CD5DA1DA82D1600B1FF1D /* SimpleView.swift in Sources */ = {isa = PBXBuildFile; fileRef = 3E4CD5D91DA82D1600B1FF1D /* SimpleView.swift */; };
		3E4CD5DC1DA838C100B1FF1D /* README.md in Resources */ = {isa = PBXBuildFile; fileRef = 3E4CD5DB1DA838C100B1FF1D /* README.md */; };
/* End PBXBuildFile section */

/* Begin PBXFileReference section */
		3E4CD5C41DA82CF600B1FF1D /* SimpleUIViewSubclass.app */ = {isa = PBXFileReference; explicitFileType = wrapper.application; includeInIndex = 0; path = SimpleUIViewSubclass.app; sourceTree = BUILT_PRODUCTS_DIR; };
		3E4CD5C71DA82CF600B1FF1D /* AppDelegate.swift */ = {isa = PBXFileReference; lastKnownFileType = sourcecode.swift; path = AppDelegate.swift; sourceTree = "<group>"; };
		3E4CD5C91DA82CF600B1FF1D /* ViewController.swift */ = {isa = PBXFileReference; lastKnownFileType = sourcecode.swift; path = ViewController.swift; sourceTree = "<group>"; };
		3E4CD5CC1DA82CF600B1FF1D /* Base */ = {isa = PBXFileReference; lastKnownFileType = file.storyboard; name = Base; path = Base.lproj/Main.storyboard; sourceTree = "<group>"; };
		3E4CD5CE1DA82CF600B1FF1D /* Assets.xcassets */ = {isa = PBXFileReference; lastKnownFileType = folder.assetcatalog; path = Assets.xcassets; sourceTree = "<group>"; };
		3E4CD5D11DA82CF600B1FF1D /* Base */ = {isa = PBXFileReference; lastKnownFileType = file.storyboard; name = Base; path = Base.lproj/LaunchScreen.storyboard; sourceTree = "<group>"; };
		3E4CD5D31DA82CF600B1FF1D /* Info.plist */ = {isa = PBXFileReference; lastKnownFileType = text.plist.xml; path = Info.plist; sourceTree = "<group>"; };
		3E4CD5D91DA82D1600B1FF1D /* SimpleView.swift */ = {isa = PBXFileReference; fileEncoding = 4; lastKnownFileType = sourcecode.swift; path = SimpleView.swift; sourceTree = "<group>"; };
		3E4CD5DB1DA838C100B1FF1D /* README.md */ = {isa = PBXFileReference; fileEncoding = 4; lastKnownFileType = net.daringfireball.markdown; path = README.md; sourceTree = "<group>"; };
/* End PBXFileReference section */

/* Begin PBXFrameworksBuildPhase section */
		3E4CD5C11DA82CF600B1FF1D /* Frameworks */ = {
			isa = PBXFrameworksBuildPhase;
			buildActionMask = 2147483647;
			files = (
			);
			runOnlyForDeploymentPostprocessing = 0;
		};
/* End PBXFrameworksBuildPhase section */

/* Begin PBXGroup section */
		3E4CD5BB1DA82CF600B1FF1D = {
			isa = PBXGroup;
			children = (
				3E4CD5C61DA82CF600B1FF1D /* SimpleUIViewSubclass */,
				3E4CD5C51DA82CF600B1FF1D /* Products */,
			);
			sourceTree = "<group>";
		};
		3E4CD5C51DA82CF600B1FF1D /* Products */ = {
			isa = PBXGroup;
			children = (
				3E4CD5C41DA82CF600B1FF1D /* SimpleUIViewSubclass.app */,
			);
			name = Products;
			sourceTree = "<group>";
		};
		3E4CD5C61DA82CF600B1FF1D /* SimpleUIViewSubclass */ = {
			isa = PBXGroup;
			children = (
				3E4CD5DB1DA838C100B1FF1D /* README.md */,
				3E4CD5D91DA82D1600B1FF1D /* SimpleView.swift */,
				3E4CD5C71DA82CF600B1FF1D /* AppDelegate.swift */,
				3E4CD5C91DA82CF600B1FF1D /* ViewController.swift */,
				3E4CD5CB1DA82CF600B1FF1D /* Main.storyboard */,
				3E4CD5CE1DA82CF600B1FF1D /* Assets.xcassets */,
				3E4CD5D01DA82CF600B1FF1D /* LaunchScreen.storyboard */,
				3E4CD5D31DA82CF600B1FF1D /* Info.plist */,
			);
			path = SimpleUIViewSubclass;
			sourceTree = "<group>";
		};
/* End PBXGroup section */

/* Begin PBXNativeTarget section */
		3E4CD5C31DA82CF600B1FF1D /* SimpleUIViewSubclass */ = {
			isa = PBXNativeTarget;
			buildConfigurationList = 3E4CD5D61DA82CF600B1FF1D /* Build configuration list for PBXNativeTarget "SimpleUIViewSubclass" */;
			buildPhases = (
				3E4CD5C01DA82CF600B1FF1D /* Sources */,
				3E4CD5C11DA82CF600B1FF1D /* Frameworks */,
				3E4CD5C21DA82CF600B1FF1D /* Resources */,
			);
			buildRules = (
			);
			dependencies = (
			);
			name = SimpleUIViewSubclass;
			productName = SimpleUIViewSubclass;
			productReference = 3E4CD5C41DA82CF600B1FF1D /* SimpleUIViewSubclass.app */;
			productType = "com.apple.product-type.application";
		};
/* End PBXNativeTarget section */

/* Begin PBXProject section */
		3E4CD5BC1DA82CF600B1FF1D /* Project object */ = {
			isa = PBXProject;
			attributes = {
				LastSwiftUpdateCheck = 0800;
				LastUpgradeCheck = 1000;
				ORGANIZATIONNAME = h4labs;
				TargetAttributes = {
					3E4CD5C31DA82CF600B1FF1D = {
						CreatedOnToolsVersion = 8.0;
						DevelopmentTeam = C5P6WCW5A6;
						LastSwiftMigration = 1000;
						ProvisioningStyle = Automatic;
					};
				};
			};
			buildConfigurationList = 3E4CD5BF1DA82CF600B1FF1D /* Build configuration list for PBXProject "SimpleUIViewSubclass" */;
			compatibilityVersion = "Xcode 10.0";
			developmentRegion = English;
			hasScannedForEncodings = 0;
			knownRegions = (
				en,
				Base,
			);
			mainGroup = 3E4CD5BB1DA82CF600B1FF1D;
			productRefGroup = 3E4CD5C51DA82CF600B1FF1D /* Products */;
			projectDirPath = "";
			projectRoot = "";
			targets = (
				3E4CD5C31DA82CF600B1FF1D /* SimpleUIViewSubclass */,
			);
		};
/* End PBXProject section */

/* Begin PBXResourcesBuildPhase section */
		3E4CD5C21DA82CF600B1FF1D /* Resources */ = {
			isa = PBXResourcesBuildPhase;
			buildActionMask = 2147483647;
			files = (
				3E4CD5D21DA82CF600B1FF1D /* LaunchScreen.storyboard in Resources */,
				3E4CD5CF1DA82CF600B1FF1D /* Assets.xcassets in Resources */,
				3E4CD5DC1DA838C100B1FF1D /* README.md in Resources */,
				3E4CD5CD1DA82CF600B1FF1D /* Main.storyboard in Resources */,
			);
			runOnlyForDeploymentPostprocessing = 0;
		};
/* End PBXResourcesBuildPhase section */

/* Begin PBXSourcesBuildPhase section */
		3E4CD5C01DA82CF600B1FF1D /* Sources */ = {
			isa = PBXSourcesBuildPhase;
			buildActionMask = 2147483647;
			files = (
				3E4CD5CA1DA82CF600B1FF1D /* ViewController.swift in Sources */,
				3E4CD5DA1DA82D1600B1FF1D /* SimpleView.swift in Sources */,
				3E4CD5C81DA82CF600B1FF1D /* AppDelegate.swift in Sources */,
			);
			runOnlyForDeploymentPostprocessing = 0;
		};
/* End PBXSourcesBuildPhase section */

/* Begin PBXVariantGroup section */
		3E4CD5CB1DA82CF600B1FF1D /* Main.storyboard */ = {
			isa = PBXVariantGroup;
			children = (
				3E4CD5CC1DA82CF600B1FF1D /* Base */,
			);
			name = Main.storyboard;
			sourceTree = "<group>";
		};
		3E4CD5D01DA82CF600B1FF1D /* LaunchScreen.storyboard */ = {
			isa = PBXVariantGroup;
			children = (
				3E4CD5D11DA82CF600B1FF1D /* Base */,
			);
			name = LaunchScreen.storyboard;
			sourceTree = "<group>";
		};
/* End PBXVariantGroup section */

/* Begin XCBuildConfiguration section */
		3E4CD5D41DA82CF600B1FF1D /* Debug */ = {
			isa = XCBuildConfiguration;
			buildSettings = {
				ALWAYS_SEARCH_USER_PATHS = NO;
				CLANG_ANALYZER_NONNULL = YES;
				CLANG_CXX_LANGUAGE_STANDARD = "gnu++0x";
				CLANG_CXX_LIBRARY = "libc++";
				CLANG_ENABLE_MODULES = YES;
				CLANG_ENABLE_OBJC_ARC = YES;
				CLANG_WARN_BLOCK_CAPTURE_AUTORELEASING = YES;
				CLANG_WARN_BOOL_CONVERSION = YES;
				CLANG_WARN_COMMA = YES;
				CLANG_WARN_CONSTANT_CONVERSION = YES;
				CLANG_WARN_DEPRECATED_OBJC_IMPLEMENTATIONS = YES;
				CLANG_WARN_DIRECT_OBJC_ISA_USAGE = YES_ERROR;
				CLANG_WARN_DOCUMENTATION_COMMENTS = YES;
				CLANG_WARN_EMPTY_BODY = YES;
				CLANG_WARN_ENUM_CONVERSION = YES;
				CLANG_WARN_INFINITE_RECURSION = YES;
				CLANG_WARN_INT_CONVERSION = YES;
				CLANG_WARN_NON_LITERAL_NULL_CONVERSION = YES;
				CLANG_WARN_OBJC_IMPLICIT_RETAIN_SELF = YES;
				CLANG_WARN_OBJC_LITERAL_CONVERSION = YES;
				CLANG_WARN_OBJC_ROOT_CLASS = YES_ERROR;
				CLANG_WARN_RANGE_LOOP_ANALYSIS = YES;
				CLANG_WARN_STRICT_PROTOTYPES = YES;
				CLANG_WARN_SUSPICIOUS_MOVE = YES;
				CLANG_WARN_SUSPICIOUS_MOVES = YES;
				CLANG_WARN_UNREACHABLE_CODE = YES;
				CLANG_WARN__DUPLICATE_METHOD_MATCH = YES;
				"CODE_SIGN_IDENTITY[sdk=iphoneos*]" = "iPhone Developer";
				COPY_PHASE_STRIP = NO;
				DEBUG_INFORMATION_FORMAT = dwarf;
				ENABLE_STRICT_OBJC_MSGSEND = YES;
				ENABLE_TESTABILITY = YES;
				GCC_C_LANGUAGE_STANDARD = gnu99;
				GCC_DYNAMIC_NO_PIC = NO;
				GCC_NO_COMMON_BLOCKS = YES;
				GCC_OPTIMIZATION_LEVEL = 0;
				GCC_PREPROCESSOR_DEFINITIONS = (
					"DEBUG=1",
					"$(inherited)",
				);
				GCC_WARN_64_TO_32_BIT_CONVERSION = YES;
				GCC_WARN_ABOUT_RETURN_TYPE = YES_ERROR;
				GCC_WARN_UNDECLARED_SELECTOR = YES;
				GCC_WARN_UNINITIALIZED_AUTOS = YES_AGGRESSIVE;
				GCC_WARN_UNUSED_FUNCTION = YES;
				GCC_WARN_UNUSED_VARIABLE = YES;
				IPHONEOS_DEPLOYMENT_TARGET = 12.0;
				MTL_ENABLE_DEBUG_INFO = YES;
				ONLY_ACTIVE_ARCH = YES;
				SDKROOT = iphoneos;
				SWIFT_ACTIVE_COMPILATION_CONDITIONS = DEBUG;
				SWIFT_OPTIMIZATION_LEVEL = "-Onone";
				TARGETED_DEVICE_FAMILY = "1,2";
			};
			name = Debug;
		};
		3E4CD5D51DA82CF600B1FF1D /* Release */ = {
			isa = XCBuildConfiguration;
			buildSettings = {
				ALWAYS_SEARCH_USER_PATHS = NO;
				CLANG_ANALYZER_NONNULL = YES;
				CLANG_CXX_LANGUAGE_STANDARD = "gnu++0x";
				CLANG_CXX_LIBRARY = "libc++";
				CLANG_ENABLE_MODULES = YES;
				CLANG_ENABLE_OBJC_ARC = YES;
				CLANG_WARN_BLOCK_CAPTURE_AUTORELEASING = YES;
				CLANG_WARN_BOOL_CONVERSION = YES;
				CLANG_WARN_COMMA = YES;
				CLANG_WARN_CONSTANT_CONVERSION = YES;
				CLANG_WARN_DEPRECATED_OBJC_IMPLEMENTATIONS = YES;
				CLANG_WARN_DIRECT_OBJC_ISA_USAGE = YES_ERROR;
				CLANG_WARN_DOCUMENTATION_COMMENTS = YES;
				CLANG_WARN_EMPTY_BODY = YES;
				CLANG_WARN_ENUM_CONVERSION = YES;
				CLANG_WARN_INFINITE_RECURSION = YES;
				CLANG_WARN_INT_CONVERSION = YES;
				CLANG_WARN_NON_LITERAL_NULL_CONVERSION = YES;
				CLANG_WARN_OBJC_IMPLICIT_RETAIN_SELF = YES;
				CLANG_WARN_OBJC_LITERAL_CONVERSION = YES;
				CLANG_WARN_OBJC_ROOT_CLASS = YES_ERROR;
				CLANG_WARN_RANGE_LOOP_ANALYSIS = YES;
				CLANG_WARN_STRICT_PROTOTYPES = YES;
				CLANG_WARN_SUSPICIOUS_MOVE = YES;
				CLANG_WARN_SUSPICIOUS_MOVES = YES;
				CLANG_WARN_UNREACHABLE_CODE = YES;
				CLANG_WARN__DUPLICATE_METHOD_MATCH = YES;
				"CODE_SIGN_IDENTITY[sdk=iphoneos*]" = "iPhone Developer";
				COPY_PHASE_STRIP = NO;
				DEBUG_INFORMATION_FORMAT = "dwarf-with-dsym";
				ENABLE_NS_ASSERTIONS = NO;
				ENABLE_STRICT_OBJC_MSGSEND = YES;
				GCC_C_LANGUAGE_STANDARD = gnu99;
				GCC_NO_COMMON_BLOCKS = YES;
				GCC_WARN_64_TO_32_BIT_CONVERSION = YES;
				GCC_WARN_ABOUT_RETURN_TYPE = YES_ERROR;
				GCC_WARN_UNDECLARED_SELECTOR = YES;
				GCC_WARN_UNINITIALIZED_AUTOS = YES_AGGRESSIVE;
				GCC_WARN_UNUSED_FUNCTION = YES;
				GCC_WARN_UNUSED_VARIABLE = YES;
				IPHONEOS_DEPLOYMENT_TARGET = 12.0;
				MTL_ENABLE_DEBUG_INFO = NO;
				SDKROOT = iphoneos;
				SWIFT_COMPILATION_MODE = wholemodule;
				SWIFT_OPTIMIZATION_LEVEL = "-O";
				TARGETED_DEVICE_FAMILY = "1,2";
				VALIDATE_PRODUCT = YES;
			};
			name = Release;
		};
		3E4CD5D71DA82CF600B1FF1D /* Debug */ = {
			isa = XCBuildConfiguration;
			buildSettings = {
				ASSETCATALOG_COMPILER_APPICON_NAME = AppIcon;
				DEVELOPMENT_TEAM = C5P6WCW5A6;
				INFOPLIST_FILE = SimpleUIViewSubclass/Info.plist;
				LD_RUNPATH_SEARCH_PATHS = (
					"$(inherited)",
					"@executable_path/Frameworks",
				);
				PRODUCT_BUNDLE_IDENTIFIER = com.h4labs.SimpleUIViewSubclass;
				PRODUCT_NAME = "$(TARGET_NAME)";
				SWIFT_VERSION = 4.2;
			};
			name = Debug;
		};
		3E4CD5D81DA82CF600B1FF1D /* Release */ = {
			isa = XCBuildConfiguration;
			buildSettings = {
				ASSETCATALOG_COMPILER_APPICON_NAME = AppIcon;
				DEVELOPMENT_TEAM = C5P6WCW5A6;
				INFOPLIST_FILE = SimpleUIViewSubclass/Info.plist;
				LD_RUNPATH_SEARCH_PATHS = (
					"$(inherited)",
					"@executable_path/Frameworks",
				);
				PRODUCT_BUNDLE_IDENTIFIER = com.h4labs.SimpleUIViewSubclass;
				PRODUCT_NAME = "$(TARGET_NAME)";
				SWIFT_VERSION = 4.2;
			};
			name = Release;
		};
/* End XCBuildConfiguration section */

/* Begin XCConfigurationList section */
		3E4CD5BF1DA82CF600B1FF1D /* Build configuration list for PBXProject "SimpleUIViewSubclass" */ = {
			isa = XCConfigurationList;
			buildConfigurations = (
				3E4CD5D41DA82CF600B1FF1D /* Debug */,
				3E4CD5D51DA82CF600B1FF1D /* Release */,
			);
			defaultConfigurationIsVisible = 0;
			defaultConfigurationName = Release;
		};
		3E4CD5D61DA82CF600B1FF1D /* Build configuration list for PBXNativeTarget "SimpleUIViewSubclass" */ = {
			isa = XCConfigurationList;
			buildConfigurations = (
				3E4CD5D71DA82CF600B1FF1D /* Debug */,
				3E4CD5D81DA82CF600B1FF1D /* Release */,
			);
			defaultConfigurationIsVisible = 0;
			defaultConfigurationName = Release;
		};
/* End XCConfigurationList section */
	};
	rootObject = 3E4CD5BC1DA82CF600B1FF1D /* Project object */;
}
