// !$*UTF8*$!
{
	archiveVersion = 1;
	classes = {
	};
	objectVersion = 46;
	objects = {

/* Begin PBXBuildFile section */
		3EEB02041E511BD80030B002 /* AppDelegate.swift in Sources */ = {isa = PBXBuildFile; fileRef = 3EEB02031E511BD80030B002 /* AppDelegate.swift */; };
		3EEB02061E511BD80030B002 /* ViewController.swift in Sources */ = {isa = PBXBuildFile; fileRef = 3EEB02051E511BD80030B002 /* ViewController.swift */; };
		3EEB02091E511BD90030B002 /* Main.storyboard in Resources */ = {isa = PBXBuildFile; fileRef = 3EEB02071E511BD90030B002 /* Main.storyboard */; };
		3EEB020B1E511BD90030B002 /* Assets.xcassets in Resources */ = {isa = PBXBuildFile; fileRef = 3EEB020A1E511BD90030B002 /* Assets.xcassets */; };
		3EEB020E1E511BD90030B002 /* LaunchScreen.storyboard in Resources */ = {isa = PBXBuildFile; fileRef = 3EEB020C1E511BD90030B002 /* LaunchScreen.storyboard */; };
		3EEB02161E51FBE90030B002 /* README.md in Resources */ = {isa = PBXBuildFile; fileRef = 3EEB02151E51FBE90030B002 /* README.md */; };
/* End PBXBuildFile section */

/* Begin PBXFileReference section */
		3EEB02001E511BD80030B002 /* SwitchController.app */ = {isa = PBXFileReference; explicitFileType = wrapper.application; includeInIndex = 0; path = SwitchController.app; sourceTree = BUILT_PRODUCTS_DIR; };
		3EEB02031E511BD80030B002 /* AppDelegate.swift */ = {isa = PBXFileReference; lastKnownFileType = sourcecode.swift; path = AppDelegate.swift; sourceTree = "<group>"; };
		3EEB02051E511BD80030B002 /* ViewController.swift */ = {isa = PBXFileReference; lastKnownFileType = sourcecode.swift; path = ViewController.swift; sourceTree = "<group>"; };
		3EEB02081E511BD90030B002 /* Base */ = {isa = PBXFileReference; lastKnownFileType = file.storyboard; name = Base; path = Base.lproj/Main.storyboard; sourceTree = "<group>"; };
		3EEB020A1E511BD90030B002 /* Assets.xcassets */ = {isa = PBXFileReference; lastKnownFileType = folder.assetcatalog; path = Assets.xcassets; sourceTree = "<group>"; };
		3EEB020D1E511BD90030B002 /* Base */ = {isa = PBXFileReference; lastKnownFileType = file.storyboard; name = Base; path = Base.lproj/LaunchScreen.storyboard; sourceTree = "<group>"; };
		3EEB020F1E511BD90030B002 /* Info.plist */ = {isa = PBXFileReference; lastKnownFileType = text.plist.xml; path = Info.plist; sourceTree = "<group>"; };
		3EEB02151E51FBE90030B002 /* README.md */ = {isa = PBXFileReference; fileEncoding = 4; lastKnownFileType = net.daringfireball.markdown; path = README.md; sourceTree = "<group>"; };
/* End PBXFileReference section */

/* Begin PBXFrameworksBuildPhase section */
		3EEB01FD1E511BD80030B002 /* Frameworks */ = {
			isa = PBXFrameworksBuildPhase;
			buildActionMask = 2147483647;
			files = (
			);
			runOnlyForDeploymentPostprocessing = 0;
		};
/* End PBXFrameworksBuildPhase section */

/* Begin PBXGroup section */
		3EEB01F71E511BD80030B002 = {
			isa = PBXGroup;
			children = (
				3EEB02021E511BD80030B002 /* SwitchController */,
				3EEB02011E511BD80030B002 /* Products */,
			);
			sourceTree = "<group>";
		};
		3EEB02011E511BD80030B002 /* Products */ = {
			isa = PBXGroup;
			children = (
				3EEB02001E511BD80030B002 /* SwitchController.app */,
			);
			name = Products;
			sourceTree = "<group>";
		};
		3EEB02021E511BD80030B002 /* SwitchController */ = {
			isa = PBXGroup;
			children = (
				3EEB02151E51FBE90030B002 /* README.md */,
				3EEB02031E511BD80030B002 /* AppDelegate.swift */,
				3EEB02051E511BD80030B002 /* ViewController.swift */,
				3EEB02071E511BD90030B002 /* Main.storyboard */,
				3EEB020A1E511BD90030B002 /* Assets.xcassets */,
				3EEB020C1E511BD90030B002 /* LaunchScreen.storyboard */,
				3EEB020F1E511BD90030B002 /* Info.plist */,
			);
			path = SwitchController;
			sourceTree = "<group>";
		};
/* End PBXGroup section */

/* Begin PBXNativeTarget section */
		3EEB01FF1E511BD80030B002 /* SwitchController */ = {
			isa = PBXNativeTarget;
			buildConfigurationList = 3EEB02121E511BD90030B002 /* Build configuration list for PBXNativeTarget "SwitchController" */;
			buildPhases = (
				3EEB01FC1E511BD80030B002 /* Sources */,
				3EEB01FD1E511BD80030B002 /* Frameworks */,
				3EEB01FE1E511BD80030B002 /* Resources */,
			);
			buildRules = (
			);
			dependencies = (
			);
			name = SwitchController;
			productName = SwitchController;
			productReference = 3EEB02001E511BD80030B002 /* SwitchController.app */;
			productType = "com.apple.product-type.application";
		};
/* End PBXNativeTarget section */

/* Begin PBXProject section */
		3EEB01F81E511BD80030B002 /* Project object */ = {
			isa = PBXProject;
			attributes = {
				LastSwiftUpdateCheck = 0820;
				LastUpgradeCheck = 1000;
				ORGANIZATIONNAME = "Michael Mellinger";
				TargetAttributes = {
					3EEB01FF1E511BD80030B002 = {
						CreatedOnToolsVersion = 8.2.1;
						DevelopmentTeam = C5P6WCW5A6;
						LastSwiftMigration = 1000;
						ProvisioningStyle = Automatic;
					};
				};
			};
			buildConfigurationList = 3EEB01FB1E511BD80030B002 /* Build configuration list for PBXProject "SwitchController" */;
			compatibilityVersion = "Xcode 3.2";
			developmentRegion = English;
			hasScannedForEncodings = 0;
			knownRegions = (
				en,
				Base,
			);
			mainGroup = 3EEB01F71E511BD80030B002;
			productRefGroup = 3EEB02011E511BD80030B002 /* Products */;
			projectDirPath = "";
			projectRoot = "";
			targets = (
				3EEB01FF1E511BD80030B002 /* SwitchController */,
			);
		};
/* End PBXProject section */

/* Begin PBXResourcesBuildPhase section */
		3EEB01FE1E511BD80030B002 /* Resources */ = {
			isa = PBXResourcesBuildPhase;
			buildActionMask = 2147483647;
			files = (
				3EEB020E1E511BD90030B002 /* LaunchScreen.storyboard in Resources */,
				3EEB020B1E511BD90030B002 /* Assets.xcassets in Resources */,
				3EEB02161E51FBE90030B002 /* README.md in Resources */,
				3EEB02091E511BD90030B002 /* Main.storyboard in Resources */,
			);
			runOnlyForDeploymentPostprocessing = 0;
		};
/* End PBXResourcesBuildPhase section */

/* Begin PBXSourcesBuildPhase section */
		3EEB01FC1E511BD80030B002 /* Sources */ = {
			isa = PBXSourcesBuildPhase;
			buildActionMask = 2147483647;
			files = (
				3EEB02061E511BD80030B002 /* ViewController.swift in Sources */,
				3EEB02041E511BD80030B002 /* AppDelegate.swift in Sources */,
			);
			runOnlyForDeploymentPostprocessing = 0;
		};
/* End PBXSourcesBuildPhase section */

/* Begin PBXVariantGroup section */
		3EEB02071E511BD90030B002 /* Main.storyboard */ = {
			isa = PBXVariantGroup;
			children = (
				3EEB02081E511BD90030B002 /* Base */,
			);
			name = Main.storyboard;
			sourceTree = "<group>";
		};
		3EEB020C1E511BD90030B002 /* LaunchScreen.storyboard */ = {
			isa = PBXVariantGroup;
			children = (
				3EEB020D1E511BD90030B002 /* Base */,
			);
			name = LaunchScreen.storyboard;
			sourceTree = "<group>";
		};
/* End PBXVariantGroup section */

/* Begin XCBuildConfiguration section */
		3EEB02101E511BD90030B002 /* Debug */ = {
			isa = XCBuildConfiguration;
			buildSettings = {
				ALWAYS_SEARCH_USER_PATHS = NO;
				CLANG_ANALYZER_NONNULL = YES;
				CLANG_CXX_LANGUAGE_STANDARD = "gnu++0x";
				CLANG_CXX_LIBRARY = "libc++";
				CLANG_ENABLE_MODULES = YES;
				CLANG_ENABLE_OBJC_ARC = YES;
				CLANG_WARN_BLOCK_CAPTURE_AUTORELEASING = YES;
				CLANG_WARN_BOOL_CONVERSION = YES;
				CLANG_WARN_COMMA = YES;
				CLANG_WARN_CONSTANT_CONVERSION = YES;
				CLANG_WARN_DEPRECATED_OBJC_IMPLEMENTATIONS = YES;
				CLANG_WARN_DIRECT_OBJC_ISA_USAGE = YES_ERROR;
				CLANG_WARN_DOCUMENTATION_COMMENTS = YES;
				CLANG_WARN_EMPTY_BODY = YES;
				CLANG_WARN_ENUM_CONVERSION = YES;
				CLANG_WARN_INFINITE_RECURSION = YES;
				CLANG_WARN_INT_CONVERSION = YES;
				CLANG_WARN_NON_LITERAL_NULL_CONVERSION = YES;
				CLANG_WARN_OBJC_IMPLICIT_RETAIN_SELF = YES;
				CLANG_WARN_OBJC_LITERAL_CONVERSION = YES;
				CLANG_WARN_OBJC_ROOT_CLASS = YES_ERROR;
				CLANG_WARN_RANGE_LOOP_ANALYSIS = YES;
				CLANG_WARN_STRICT_PROTOTYPES = YES;
				CLANG_WARN_SUSPICIOUS_MOVE = YES;
				CLANG_WARN_UNREACHABLE_CODE = YES;
				CLANG_WARN__DUPLICATE_METHOD_MATCH = YES;
				"CODE_SIGN_IDENTITY[sdk=iphoneos*]" = "iPhone Developer";
				COPY_PHASE_STRIP = NO;
				DEBUG_INFORMATION_FORMAT = dwarf;
				ENABLE_STRICT_OBJC_MSGSEND = YES;
				ENABLE_TESTABILITY = YES;
				GCC_C_LANGUAGE_STANDARD = gnu99;
				GCC_DYNAMIC_NO_PIC = NO;
				GCC_NO_COMMON_BLOCKS = YES;
				GCC_OPTIMIZATION_LEVEL = 0;
				GCC_PREPROCESSOR_DEFINITIONS = (
					"DEBUG=1",
					"$(inherited)",
				);
				GCC_WARN_64_TO_32_BIT_CONVERSION = YES;
				GCC_WARN_ABOUT_RETURN_TYPE = YES_ERROR;
				GCC_WARN_UNDECLARED_SELECTOR = YES;
				GCC_WARN_UNINITIALIZED_AUTOS = YES_AGGRESSIVE;
				GCC_WARN_UNUSED_FUNCTION = YES;
				GCC_WARN_UNUSED_VARIABLE = YES;
				IPHONEOS_DEPLOYMENT_TARGET = 12.0;
				MTL_ENABLE_DEBUG_INFO = YES;
				ONLY_ACTIVE_ARCH = YES;
				SDKROOT = iphoneos;
				SWIFT_ACTIVE_COMPILATION_CONDITIONS = DEBUG;
				SWIFT_OPTIMIZATION_LEVEL = "-Onone";
				TARGETED_DEVICE_FAMILY = "1,2";
			};
			name = Debug;
		};
		3EEB02111E511BD90030B002 /* Release */ = {
			isa = XCBuildConfiguration;
			buildSettings = {
				ALWAYS_SEARCH_USER_PATHS = NO;
				CLANG_ANALYZER_NONNULL = YES;
				CLANG_CXX_LANGUAGE_STANDARD = "gnu++0x";
				CLANG_CXX_LIBRARY = "libc++";
				CLANG_ENABLE_MODULES = YES;
				CLANG_ENABLE_OBJC_ARC = YES;
				CLANG_WARN_BLOCK_CAPTURE_AUTORELEASING = YES;
				CLANG_WARN_BOOL_CONVERSION = YES;
				CLANG_WARN_COMMA = YES;
				CLANG_WARN_CONSTANT_CONVERSION = YES;
				CLANG_WARN_DEPRECATED_OBJC_IMPLEMENTATIONS = YES;
				CLANG_WARN_DIRECT_OBJC_ISA_USAGE = YES_ERROR;
				CLANG_WARN_DOCUMENTATION_COMMENTS = YES;
				CLANG_WARN_EMPTY_BODY = YES;
				CLANG_WARN_ENUM_CONVERSION = YES;
				CLANG_WARN_INFINITE_RECURSION = YES;
				CLANG_WARN_INT_CONVERSION = YES;
				CLANG_WARN_NON_LITERAL_NULL_CONVERSION = YES;
				CLANG_WARN_OBJC_IMPLICIT_RETAIN_SELF = YES;
				CLANG_WARN_OBJC_LITERAL_CONVERSION = YES;
				CLANG_WARN_OBJC_ROOT_CLASS = YES_ERROR;
				CLANG_WARN_RANGE_LOOP_ANALYSIS = YES;
				CLANG_WARN_STRICT_PROTOTYPES = YES;
				CLANG_WARN_SUSPICIOUS_MOVE = YES;
				CLANG_WARN_UNREACHABLE_CODE = YES;
				CLANG_WARN__DUPLICATE_METHOD_MATCH = YES;
				"CODE_SIGN_IDENTITY[sdk=iphoneos*]" = "iPhone Developer";
				COPY_PHASE_STRIP = NO;
				DEBUG_INFORMATION_FORMAT = "dwarf-with-dsym";
				ENABLE_NS_ASSERTIONS = NO;
				ENABLE_STRICT_OBJC_MSGSEND = YES;
				GCC_C_LANGUAGE_STANDARD = gnu99;
				GCC_NO_COMMON_BLOCKS = YES;
				GCC_WARN_64_TO_32_BIT_CONVERSION = YES;
				GCC_WARN_ABOUT_RETURN_TYPE = YES_ERROR;
				GCC_WARN_UNDECLARED_SELECTOR = YES;
				GCC_WARN_UNINITIALIZED_AUTOS = YES_AGGRESSIVE;
				GCC_WARN_UNUSED_FUNCTION = YES;
				GCC_WARN_UNUSED_VARIABLE = YES;
				IPHONEOS_DEPLOYMENT_TARGET = 12.0;
				MTL_ENABLE_DEBUG_INFO = NO;
				SDKROOT = iphoneos;
				SWIFT_OPTIMIZATION_LEVEL = "-Owholemodule";
				TARGETED_DEVICE_FAMILY = "1,2";
				VALIDATE_PRODUCT = YES;
			};
			name = Release;
		};
		3EEB02131E511BD90030B002 /* Debug */ = {
			isa = XCBuildConfiguration;
			buildSettings = {
				ASSETCATALOG_COMPILER_APPICON_NAME = AppIcon;
				DEVELOPMENT_TEAM = C5P6WCW5A6;
				INFOPLIST_FILE = SwitchController/Info.plist;
				LD_RUNPATH_SEARCH_PATHS = "$(inherited) @executable_path/Frameworks";
				PRODUCT_BUNDLE_IDENTIFIER = h4labs.SwitchController;
				PRODUCT_NAME = "$(TARGET_NAME)";
				SWIFT_SWIFT3_OBJC_INFERENCE = On;
				SWIFT_VERSION = 4.2;
			};
			name = Debug;
		};
		3EEB02141E511BD90030B002 /* Release */ = {
			isa = XCBuildConfiguration;
			buildSettings = {
				ASSETCATALOG_COMPILER_APPICON_NAME = AppIcon;
				DEVELOPMENT_TEAM = C5P6WCW5A6;
				INFOPLIST_FILE = SwitchController/Info.plist;
				LD_RUNPATH_SEARCH_PATHS = "$(inherited) @executable_path/Frameworks";
				PRODUCT_BUNDLE_IDENTIFIER = h4labs.SwitchController;
				PRODUCT_NAME = "$(TARGET_NAME)";
				SWIFT_SWIFT3_OBJC_INFERENCE = On;
				SWIFT_VERSION = 4.2;
			};
			name = Release;
		};
/* End XCBuildConfiguration section */

/* Begin XCConfigurationList section */
		3EEB01FB1E511BD80030B002 /* Build configuration list for PBXProject "SwitchController" */ = {
			isa = XCConfigurationList;
			buildConfigurations = (
				3EEB02101E511BD90030B002 /* Debug */,
				3EEB02111E511BD90030B002 /* Release */,
			);
			defaultConfigurationIsVisible = 0;
			defaultConfigurationName = Release;
		};
		3EEB02121E511BD90030B002 /* Build configuration list for PBXNativeTarget "SwitchController" */ = {
			isa = XCConfigurationList;
			buildConfigurations = (
				3EEB02131E511BD90030B002 /* Debug */,
				3EEB02141E511BD90030B002 /* Release */,
			);
			defaultConfigurationIsVisible = 0;
			defaultConfigurationName = Release;
		};
/* End XCConfigurationList section */
	};
	rootObject = 3EEB01F81E511BD80030B002 /* Project object */;
}
