// !$*UTF8*$!
{
	archiveVersion = 1;
	classes = {
	};
	objectVersion = 46;
	objects = {

/* Begin PBXBuildFile section */
		3E816BB01CB16E670094D923 /* README.org in Resources */ = {isa = PBXBuildFile; fileRef = 3E816BAF1CB16E670094D923 /* README.org */; };
		3EE7E6E51C9DCBD9004629FD /* AppDelegate.swift in Sources */ = {isa = PBXBuildFile; fileRef = 3EE7E6E41C9DCBD9004629FD /* AppDelegate.swift */; };
		3EE7E6E71C9DCBD9004629FD /* ViewController.swift in Sources */ = {isa = PBXBuildFile; fileRef = 3EE7E6E61C9DCBD9004629FD /* ViewController.swift */; };
		3EE7E6EA1C9DCBD9004629FD /* Main.storyboard in Resources */ = {isa = PBXBuildFile; fileRef = 3EE7E6E81C9DCBD9004629FD /* Main.storyboard */; };
		3EE7E6EC1C9DCBD9004629FD /* Assets.xcassets in Resources */ = {isa = PBXBuildFile; fileRef = 3EE7E6EB1C9DCBD9004629FD /* Assets.xcassets */; };
		3EE7E6EF1C9DCBD9004629FD /* LaunchScreen.storyboard in Resources */ = {isa = PBXBuildFile; fileRef = 3EE7E6ED1C9DCBD9004629FD /* LaunchScreen.storyboard */; };
/* End PBXBuildFile section */

/* Begin PBXFileReference section */
		3E816BAF1CB16E670094D923 /* README.org */ = {isa = PBXFileReference; fileEncoding = 4; lastKnownFileType = text; path = README.org; sourceTree = "<group>"; };
		3EE7E6E11C9DCBD9004629FD /* ShapeLayer.app */ = {isa = PBXFileReference; explicitFileType = wrapper.application; includeInIndex = 0; path = ShapeLayer.app; sourceTree = BUILT_PRODUCTS_DIR; };
		3EE7E6E41C9DCBD9004629FD /* AppDelegate.swift */ = {isa = PBXFileReference; lastKnownFileType = sourcecode.swift; path = AppDelegate.swift; sourceTree = "<group>"; };
		3EE7E6E61C9DCBD9004629FD /* ViewController.swift */ = {isa = PBXFileReference; lastKnownFileType = sourcecode.swift; path = ViewController.swift; sourceTree = "<group>"; };
		3EE7E6E91C9DCBD9004629FD /* Base */ = {isa = PBXFileReference; lastKnownFileType = file.storyboard; name = Base; path = Base.lproj/Main.storyboard; sourceTree = "<group>"; };
		3EE7E6EB1C9DCBD9004629FD /* Assets.xcassets */ = {isa = PBXFileReference; lastKnownFileType = folder.assetcatalog; path = Assets.xcassets; sourceTree = "<group>"; };
		3EE7E6EE1C9DCBD9004629FD /* Base */ = {isa = PBXFileReference; lastKnownFileType = file.storyboard; name = Base; path = Base.lproj/LaunchScreen.storyboard; sourceTree = "<group>"; };
		3EE7E6F01C9DCBD9004629FD /* Info.plist */ = {isa = PBXFileReference; lastKnownFileType = text.plist.xml; path = Info.plist; sourceTree = "<group>"; };
/* End PBXFileReference section */

/* Begin PBXFrameworksBuildPhase section */
		3EE7E6DE1C9DCBD9004629FD /* Frameworks */ = {
			isa = PBXFrameworksBuildPhase;
			buildActionMask = 2147483647;
			files = (
			);
			runOnlyForDeploymentPostprocessing = 0;
		};
/* End PBXFrameworksBuildPhase section */

/* Begin PBXGroup section */
		3EE7E6D81C9DCBD9004629FD = {
			isa = PBXGroup;
			children = (
				3EE7E6E31C9DCBD9004629FD /* ShapeLayer */,
				3EE7E6E21C9DCBD9004629FD /* Products */,
			);
			sourceTree = "<group>";
		};
		3EE7E6E21C9DCBD9004629FD /* Products */ = {
			isa = PBXGroup;
			children = (
				3EE7E6E11C9DCBD9004629FD /* ShapeLayer.app */,
			);
			name = Products;
			sourceTree = "<group>";
		};
		3EE7E6E31C9DCBD9004629FD /* ShapeLayer */ = {
			isa = PBXGroup;
			children = (
				3E816BAF1CB16E670094D923 /* README.org */,
				3EE7E6E41C9DCBD9004629FD /* AppDelegate.swift */,
				3EE7E6E61C9DCBD9004629FD /* ViewController.swift */,
				3EE7E6E81C9DCBD9004629FD /* Main.storyboard */,
				3EE7E6EB1C9DCBD9004629FD /* Assets.xcassets */,
				3EE7E6ED1C9DCBD9004629FD /* LaunchScreen.storyboard */,
				3EE7E6F01C9DCBD9004629FD /* Info.plist */,
			);
			path = ShapeLayer;
			sourceTree = "<group>";
		};
/* End PBXGroup section */

/* Begin PBXNativeTarget section */
		3EE7E6E01C9DCBD9004629FD /* ShapeLayer */ = {
			isa = PBXNativeTarget;
			buildConfigurationList = 3EE7E6F31C9DCBD9004629FD /* Build configuration list for PBXNativeTarget "ShapeLayer" */;
			buildPhases = (
				3EE7E6DD1C9DCBD9004629FD /* Sources */,
				3EE7E6DE1C9DCBD9004629FD /* Frameworks */,
				3EE7E6DF1C9DCBD9004629FD /* Resources */,
			);
			buildRules = (
			);
			dependencies = (
			);
			name = ShapeLayer;
			productName = ShapeLayer;
			productReference = 3EE7E6E11C9DCBD9004629FD /* ShapeLayer.app */;
			productType = "com.apple.product-type.application";
		};
/* End PBXNativeTarget section */

/* Begin PBXProject section */
		3EE7E6D91C9DCBD9004629FD /* Project object */ = {
			isa = PBXProject;
			attributes = {
				LastSwiftUpdateCheck = 0730;
				LastUpgradeCheck = 0800;
				ORGANIZATIONNAME = h4labs;
				TargetAttributes = {
					3EE7E6E01C9DCBD9004629FD = {
						CreatedOnToolsVersion = 7.3;
						LastSwiftMigration = 0800;
					};
				};
			};
			buildConfigurationList = 3EE7E6DC1C9DCBD9004629FD /* Build configuration list for PBXProject "ShapeLayer" */;
			compatibilityVersion = "Xcode 3.2";
			developmentRegion = English;
			hasScannedForEncodings = 0;
			knownRegions = (
				en,
				Base,
			);
			mainGroup = 3EE7E6D81C9DCBD9004629FD;
			productRefGroup = 3EE7E6E21C9DCBD9004629FD /* Products */;
			projectDirPath = "";
			projectRoot = "";
			targets = (
				3EE7E6E01C9DCBD9004629FD /* ShapeLayer */,
			);
		};
/* End PBXProject section */

/* Begin PBXResourcesBuildPhase section */
		3EE7E6DF1C9DCBD9004629FD /* Resources */ = {
			isa = PBXResourcesBuildPhase;
			buildActionMask = 2147483647;
			files = (
				3EE7E6EF1C9DCBD9004629FD /* LaunchScreen.storyboard in Resources */,
				3EE7E6EC1C9DCBD9004629FD /* Assets.xcassets in Resources */,
				3E816BB01CB16E670094D923 /* README.org in Resources */,
				3EE7E6EA1C9DCBD9004629FD /* Main.storyboard in Resources */,
			);
			runOnlyForDeploymentPostprocessing = 0;
		};
/* End PBXResourcesBuildPhase section */

/* Begin PBXSourcesBuildPhase section */
		3EE7E6DD1C9DCBD9004629FD /* Sources */ = {
			isa = PBXSourcesBuildPhase;
			buildActionMask = 2147483647;
			files = (
				3EE7E6E71C9DCBD9004629FD /* ViewController.swift in Sources */,
				3EE7E6E51C9DCBD9004629FD /* AppDelegate.swift in Sources */,
			);
			runOnlyForDeploymentPostprocessing = 0;
		};
/* End PBXSourcesBuildPhase section */

/* Begin PBXVariantGroup section */
		3EE7E6E81C9DCBD9004629FD /* Main.storyboard */ = {
			isa = PBXVariantGroup;
			children = (
				3EE7E6E91C9DCBD9004629FD /* Base */,
			);
			name = Main.storyboard;
			sourceTree = "<group>";
		};
		3EE7E6ED1C9DCBD9004629FD /* LaunchScreen.storyboard */ = {
			isa = PBXVariantGroup;
			children = (
				3EE7E6EE1C9DCBD9004629FD /* Base */,
			);
			name = LaunchScreen.storyboard;
			sourceTree = "<group>";
		};
/* End PBXVariantGroup section */

/* Begin XCBuildConfiguration section */
		3EE7E6F11C9DCBD9004629FD /* Debug */ = {
			isa = XCBuildConfiguration;
			buildSettings = {
				ALWAYS_SEARCH_USER_PATHS = NO;
				CLANG_ANALYZER_NONNULL = YES;
				CLANG_CXX_LANGUAGE_STANDARD = "gnu++0x";
				CLANG_CXX_LIBRARY = "libc++";
				CLANG_ENABLE_MODULES = YES;
				CLANG_ENABLE_OBJC_ARC = YES;
				CLANG_WARN_BOOL_CONVERSION = YES;
				CLANG_WARN_CONSTANT_CONVERSION = YES;
				CLANG_WARN_DIRECT_OBJC_ISA_USAGE = YES_ERROR;
				CLANG_WARN_EMPTY_BODY = YES;
				CLANG_WARN_ENUM_CONVERSION = YES;
				CLANG_WARN_INFINITE_RECURSION = YES;
				CLANG_WARN_INT_CONVERSION = YES;
				CLANG_WARN_OBJC_ROOT_CLASS = YES_ERROR;
				CLANG_WARN_SUSPICIOUS_MOVE = YES;
				CLANG_WARN_UNREACHABLE_CODE = YES;
				CLANG_WARN__DUPLICATE_METHOD_MATCH = YES;
				"CODE_SIGN_IDENTITY[sdk=iphoneos*]" = "iPhone Developer";
				COPY_PHASE_STRIP = NO;
				DEBUG_INFORMATION_FORMAT = dwarf;
				ENABLE_STRICT_OBJC_MSGSEND = YES;
				ENABLE_TESTABILITY = YES;
				GCC_C_LANGUAGE_STANDARD = gnu99;
				GCC_DYNAMIC_NO_PIC = NO;
				GCC_NO_COMMON_BLOCKS = YES;
				GCC_OPTIMIZATION_LEVEL = 0;
				GCC_PREPROCESSOR_DEFINITIONS = (
					"DEBUG=1",
					"$(inherited)",
				);
				GCC_WARN_64_TO_32_BIT_CONVERSION = YES;
				GCC_WARN_ABOUT_RETURN_TYPE = YES_ERROR;
				GCC_WARN_UNDECLARED_SELECTOR = YES;
				GCC_WARN_UNINITIALIZED_AUTOS = YES_AGGRESSIVE;
				GCC_WARN_UNUSED_FUNCTION = YES;
				GCC_WARN_UNUSED_VARIABLE = YES;
				IPHONEOS_DEPLOYMENT_TARGET = 9.3;
				MTL_ENABLE_DEBUG_INFO = YES;
				ONLY_ACTIVE_ARCH = YES;
				SDKROOT = iphoneos;
				SWIFT_OPTIMIZATION_LEVEL = "-Onone";
				TARGETED_DEVICE_FAMILY = "1,2";
			};
			name = Debug;
		};
		3EE7E6F21C9DCBD9004629FD /* Release */ = {
			isa = XCBuildConfiguration;
			buildSettings = {
				ALWAYS_SEARCH_USER_PATHS = NO;
				CLANG_ANALYZER_NONNULL = YES;
				CLANG_CXX_LANGUAGE_STANDARD = "gnu++0x";
				CLANG_CXX_LIBRARY = "libc++";
				CLANG_ENABLE_MODULES = YES;
				CLANG_ENABLE_OBJC_ARC = YES;
				CLANG_WARN_BOOL_CONVERSION = YES;
				CLANG_WARN_CONSTANT_CONVERSION = YES;
				CLANG_WARN_DIRECT_OBJC_ISA_USAGE = YES_ERROR;
				CLANG_WARN_EMPTY_BODY = YES;
				CLANG_WARN_ENUM_CONVERSION = YES;
				CLANG_WARN_INFINITE_RECURSION = YES;
				CLANG_WARN_INT_CONVERSION = YES;
				CLANG_WARN_OBJC_ROOT_CLASS = YES_ERROR;
				CLANG_WARN_SUSPICIOUS_MOVE = YES;
				CLANG_WARN_UNREACHABLE_CODE = YES;
				CLANG_WARN__DUPLICATE_METHOD_MATCH = YES;
				"CODE_SIGN_IDENTITY[sdk=iphoneos*]" = "iPhone Developer";
				COPY_PHASE_STRIP = NO;
				DEBUG_INFORMATION_FORMAT = "dwarf-with-dsym";
				ENABLE_NS_ASSERTIONS = NO;
				ENABLE_STRICT_OBJC_MSGSEND = YES;
				GCC_C_LANGUAGE_STANDARD = gnu99;
				GCC_NO_COMMON_BLOCKS = YES;
				GCC_WARN_64_TO_32_BIT_CONVERSION = YES;
				GCC_WARN_ABOUT_RETURN_TYPE = YES_ERROR;
				GCC_WARN_UNDECLARED_SELECTOR = YES;
				GCC_WARN_UNINITIALIZED_AUTOS = YES_AGGRESSIVE;
				GCC_WARN_UNUSED_FUNCTION = YES;
				GCC_WARN_UNUSED_VARIABLE = YES;
				IPHONEOS_DEPLOYMENT_TARGET = 9.3;
				MTL_ENABLE_DEBUG_INFO = NO;
				SDKROOT = iphoneos;
				TARGETED_DEVICE_FAMILY = "1,2";
				VALIDATE_PRODUCT = YES;
			};
			name = Release;
		};
		3EE7E6F41C9DCBD9004629FD /* Debug */ = {
			isa = XCBuildConfiguration;
			buildSettings = {
				ASSETCATALOG_COMPILER_APPICON_NAME = AppIcon;
				INFOPLIST_FILE = ShapeLayer/Info.plist;
				LD_RUNPATH_SEARCH_PATHS = "$(inherited) @executable_path/Frameworks";
				PRODUCT_BUNDLE_IDENTIFIER = com.h4labs.ShapeLayer;
				PRODUCT_NAME = "$(TARGET_NAME)";
				SWIFT_VERSION = 3.0;
			};
			name = Debug;
		};
		3EE7E6F51C9DCBD9004629FD /* Release */ = {
			isa = XCBuildConfiguration;
			buildSettings = {
				ASSETCATALOG_COMPILER_APPICON_NAME = AppIcon;
				INFOPLIST_FILE = ShapeLayer/Info.plist;
				LD_RUNPATH_SEARCH_PATHS = "$(inherited) @executable_path/Frameworks";
				PRODUCT_BUNDLE_IDENTIFIER = com.h4labs.ShapeLayer;
				PRODUCT_NAME = "$(TARGET_NAME)";
				SWIFT_OPTIMIZATION_LEVEL = "-Owholemodule";
				SWIFT_VERSION = 3.0;
			};
			name = Release;
		};
/* End XCBuildConfiguration section */

/* Begin XCConfigurationList section */
		3EE7E6DC1C9DCBD9004629FD /* Build configuration list for PBXProject "ShapeLayer" */ = {
			isa = XCConfigurationList;
			buildConfigurations = (
				3EE7E6F11C9DCBD9004629FD /* Debug */,
				3EE7E6F21C9DCBD9004629FD /* Release */,
			);
			defaultConfigurationIsVisible = 0;
			defaultConfigurationName = Release;
		};
		3EE7E6F31C9DCBD9004629FD /* Build configuration list for PBXNativeTarget "ShapeLayer" */ = {
			isa = XCConfigurationList;
			buildConfigurations = (
				3EE7E6F41C9DCBD9004629FD /* Debug */,
				3EE7E6F51C9DCBD9004629FD /* Release */,
			);
			defaultConfigurationIsVisible = 0;
			defaultConfigurationName = Release;
		};
/* End XCConfigurationList section */
	};
	rootObject = 3EE7E6D91C9DCBD9004629FD /* Project object */;
}
