// !$*UTF8*$!
{
	archiveVersion = 1;
	classes = {
	};
	objectVersion = 46;
	objects = {

/* Begin PBXBuildFile section */
		3E68118C1CF7F38800B1B4A8 /* AppDelegate.swift in Sources */ = {isa = PBXBuildFile; fileRef = 3E68118B1CF7F38800B1B4A8 /* AppDelegate.swift */; };
		3E68118E1CF7F38800B1B4A8 /* ViewController.swift in Sources */ = {isa = PBXBuildFile; fileRef = 3E68118D1CF7F38800B1B4A8 /* ViewController.swift */; };
		3E6811911CF7F38800B1B4A8 /* Main.storyboard in Resources */ = {isa = PBXBuildFile; fileRef = 3E68118F1CF7F38800B1B4A8 /* Main.storyboard */; };
		3E6811931CF7F38800B1B4A8 /* Assets.xcassets in Resources */ = {isa = PBXBuildFile; fileRef = 3E6811921CF7F38800B1B4A8 /* Assets.xcassets */; };
		3E6811961CF7F38800B1B4A8 /* LaunchScreen.storyboard in Resources */ = {isa = PBXBuildFile; fileRef = 3E6811941CF7F38800B1B4A8 /* LaunchScreen.storyboard */; };
		3E68119E1CF7F4BB00B1B4A8 /* README.org in Resources */ = {isa = PBXBuildFile; fileRef = 3E68119D1CF7F4BB00B1B4A8 /* README.org */; };
/* End PBXBuildFile section */

/* Begin PBXFileReference section */
		3E6811881CF7F38800B1B4A8 /* CircleDrawingAnimation.app */ = {isa = PBXFileReference; explicitFileType = wrapper.application; includeInIndex = 0; path = CircleDrawingAnimation.app; sourceTree = BUILT_PRODUCTS_DIR; };
		3E68118B1CF7F38800B1B4A8 /* AppDelegate.swift */ = {isa = PBXFileReference; lastKnownFileType = sourcecode.swift; path = AppDelegate.swift; sourceTree = "<group>"; };
		3E68118D1CF7F38800B1B4A8 /* ViewController.swift */ = {isa = PBXFileReference; lastKnownFileType = sourcecode.swift; path = ViewController.swift; sourceTree = "<group>"; };
		3E6811901CF7F38800B1B4A8 /* Base */ = {isa = PBXFileReference; lastKnownFileType = file.storyboard; name = Base; path = Base.lproj/Main.storyboard; sourceTree = "<group>"; };
		3E6811921CF7F38800B1B4A8 /* Assets.xcassets */ = {isa = PBXFileReference; lastKnownFileType = folder.assetcatalog; path = Assets.xcassets; sourceTree = "<group>"; };
		3E6811951CF7F38800B1B4A8 /* Base */ = {isa = PBXFileReference; lastKnownFileType = file.storyboard; name = Base; path = Base.lproj/LaunchScreen.storyboard; sourceTree = "<group>"; };
		3E6811971CF7F38800B1B4A8 /* Info.plist */ = {isa = PBXFileReference; lastKnownFileType = text.plist.xml; path = Info.plist; sourceTree = "<group>"; };
		3E68119D1CF7F4BB00B1B4A8 /* README.org */ = {isa = PBXFileReference; fileEncoding = 4; lastKnownFileType = text; path = README.org; sourceTree = "<group>"; };
/* End PBXFileReference section */

/* Begin PBXFrameworksBuildPhase section */
		3E6811851CF7F38800B1B4A8 /* Frameworks */ = {
			isa = PBXFrameworksBuildPhase;
			buildActionMask = 2147483647;
			files = (
			);
			runOnlyForDeploymentPostprocessing = 0;
		};
/* End PBXFrameworksBuildPhase section */

/* Begin PBXGroup section */
		3E68117F1CF7F38800B1B4A8 = {
			isa = PBXGroup;
			children = (
				3E68118A1CF7F38800B1B4A8 /* CircleDrawingAnimation */,
				3E6811891CF7F38800B1B4A8 /* Products */,
			);
			sourceTree = "<group>";
		};
		3E6811891CF7F38800B1B4A8 /* Products */ = {
			isa = PBXGroup;
			children = (
				3E6811881CF7F38800B1B4A8 /* CircleDrawingAnimation.app */,
			);
			name = Products;
			sourceTree = "<group>";
		};
		3E68118A1CF7F38800B1B4A8 /* CircleDrawingAnimation */ = {
			isa = PBXGroup;
			children = (
				3E68119D1CF7F4BB00B1B4A8 /* README.org */,
				3E68118B1CF7F38800B1B4A8 /* AppDelegate.swift */,
				3E68118D1CF7F38800B1B4A8 /* ViewController.swift */,
				3E68118F1CF7F38800B1B4A8 /* Main.storyboard */,
				3E6811921CF7F38800B1B4A8 /* Assets.xcassets */,
				3E6811941CF7F38800B1B4A8 /* LaunchScreen.storyboard */,
				3E6811971CF7F38800B1B4A8 /* Info.plist */,
			);
			path = CircleDrawingAnimation;
			sourceTree = "<group>";
		};
/* End PBXGroup section */

/* Begin PBXNativeTarget section */
		3E6811871CF7F38800B1B4A8 /* CircleDrawingAnimation */ = {
			isa = PBXNativeTarget;
			buildConfigurationList = 3E68119A1CF7F38800B1B4A8 /* Build configuration list for PBXNativeTarget "CircleDrawingAnimation" */;
			buildPhases = (
				3E6811841CF7F38800B1B4A8 /* Sources */,
				3E6811851CF7F38800B1B4A8 /* Frameworks */,
				3E6811861CF7F38800B1B4A8 /* Resources */,
			);
			buildRules = (
			);
			dependencies = (
			);
			name = CircleDrawingAnimation;
			productName = CircleDrawingAnimation;
			productReference = 3E6811881CF7F38800B1B4A8 /* CircleDrawingAnimation.app */;
			productType = "com.apple.product-type.application";
		};
/* End PBXNativeTarget section */

/* Begin PBXProject section */
		3E6811801CF7F38800B1B4A8 /* Project object */ = {
			isa = PBXProject;
			attributes = {
				LastSwiftUpdateCheck = 0730;
				LastUpgradeCheck = 0900;
				ORGANIZATIONNAME = "Michael Mellinger";
				TargetAttributes = {
					3E6811871CF7F38800B1B4A8 = {
						CreatedOnToolsVersion = 7.3.1;
						LastSwiftMigration = 0900;
					};
				};
			};
			buildConfigurationList = 3E6811831CF7F38800B1B4A8 /* Build configuration list for PBXProject "CircleDrawingAnimation" */;
			compatibilityVersion = "Xcode 3.2";
			developmentRegion = English;
			hasScannedForEncodings = 0;
			knownRegions = (
				en,
				Base,
			);
			mainGroup = 3E68117F1CF7F38800B1B4A8;
			productRefGroup = 3E6811891CF7F38800B1B4A8 /* Products */;
			projectDirPath = "";
			projectRoot = "";
			targets = (
				3E6811871CF7F38800B1B4A8 /* CircleDrawingAnimation */,
			);
		};
/* End PBXProject section */

/* Begin PBXResourcesBuildPhase section */
		3E6811861CF7F38800B1B4A8 /* Resources */ = {
			isa = PBXResourcesBuildPhase;
			buildActionMask = 2147483647;
			files = (
				3E6811961CF7F38800B1B4A8 /* LaunchScreen.storyboard in Resources */,
				3E6811931CF7F38800B1B4A8 /* Assets.xcassets in Resources */,
				3E68119E1CF7F4BB00B1B4A8 /* README.org in Resources */,
				3E6811911CF7F38800B1B4A8 /* Main.storyboard in Resources */,
			);
			runOnlyForDeploymentPostprocessing = 0;
		};
/* End PBXResourcesBuildPhase section */

/* Begin PBXSourcesBuildPhase section */
		3E6811841CF7F38800B1B4A8 /* Sources */ = {
			isa = PBXSourcesBuildPhase;
			buildActionMask = 2147483647;
			files = (
				3E68118E1CF7F38800B1B4A8 /* ViewController.swift in Sources */,
				3E68118C1CF7F38800B1B4A8 /* AppDelegate.swift in Sources */,
			);
			runOnlyForDeploymentPostprocessing = 0;
		};
/* End PBXSourcesBuildPhase section */

/* Begin PBXVariantGroup section */
		3E68118F1CF7F38800B1B4A8 /* Main.storyboard */ = {
			isa = PBXVariantGroup;
			children = (
				3E6811901CF7F38800B1B4A8 /* Base */,
			);
			name = Main.storyboard;
			sourceTree = "<group>";
		};
		3E6811941CF7F38800B1B4A8 /* LaunchScreen.storyboard */ = {
			isa = PBXVariantGroup;
			children = (
				3E6811951CF7F38800B1B4A8 /* Base */,
			);
			name = LaunchScreen.storyboard;
			sourceTree = "<group>";
		};
/* End PBXVariantGroup section */

/* Begin XCBuildConfiguration section */
		3E6811981CF7F38800B1B4A8 /* Debug */ = {
			isa = XCBuildConfiguration;
			buildSettings = {
				ALWAYS_SEARCH_USER_PATHS = NO;
				CLANG_ANALYZER_NONNULL = YES;
				CLANG_CXX_LANGUAGE_STANDARD = "gnu++0x";
				CLANG_CXX_LIBRARY = "libc++";
				CLANG_ENABLE_MODULES = YES;
				CLANG_ENABLE_OBJC_ARC = YES;
				CLANG_WARN_BLOCK_CAPTURE_AUTORELEASING = YES;
				CLANG_WARN_BOOL_CONVERSION = YES;
				CLANG_WARN_COMMA = YES;
				CLANG_WARN_CONSTANT_CONVERSION = YES;
				CLANG_WARN_DIRECT_OBJC_ISA_USAGE = YES_ERROR;
				CLANG_WARN_EMPTY_BODY = YES;
				CLANG_WARN_ENUM_CONVERSION = YES;
				CLANG_WARN_INFINITE_RECURSION = YES;
				CLANG_WARN_INT_CONVERSION = YES;
				CLANG_WARN_NON_LITERAL_NULL_CONVERSION = YES;
				CLANG_WARN_OBJC_LITERAL_CONVERSION = YES;
				CLANG_WARN_OBJC_ROOT_CLASS = YES_ERROR;
				CLANG_WARN_RANGE_LOOP_ANALYSIS = YES;
				CLANG_WARN_STRICT_PROTOTYPES = YES;
				CLANG_WARN_SUSPICIOUS_MOVE = YES;
				CLANG_WARN_UNREACHABLE_CODE = YES;
				CLANG_WARN__DUPLICATE_METHOD_MATCH = YES;
				"CODE_SIGN_IDENTITY[sdk=iphoneos*]" = "iPhone Developer";
				COPY_PHASE_STRIP = NO;
				DEBUG_INFORMATION_FORMAT = dwarf;
				ENABLE_STRICT_OBJC_MSGSEND = YES;
				ENABLE_TESTABILITY = YES;
				GCC_C_LANGUAGE_STANDARD = gnu99;
				GCC_DYNAMIC_NO_PIC = NO;
				GCC_NO_COMMON_BLOCKS = YES;
				GCC_OPTIMIZATION_LEVEL = 0;
				GCC_PREPROCESSOR_DEFINITIONS = (
					"DEBUG=1",
					"$(inherited)",
				);
				GCC_WARN_64_TO_32_BIT_CONVERSION = YES;
				GCC_WARN_ABOUT_RETURN_TYPE = YES_ERROR;
				GCC_WARN_UNDECLARED_SELECTOR = YES;
				GCC_WARN_UNINITIALIZED_AUTOS = YES_AGGRESSIVE;
				GCC_WARN_UNUSED_FUNCTION = YES;
				GCC_WARN_UNUSED_VARIABLE = YES;
				IPHONEOS_DEPLOYMENT_TARGET = 11.0;
				MTL_ENABLE_DEBUG_INFO = YES;
				ONLY_ACTIVE_ARCH = YES;
				SDKROOT = iphoneos;
				SWIFT_OPTIMIZATION_LEVEL = "-Onone";
				TARGETED_DEVICE_FAMILY = "1,2";
			};
			name = Debug;
		};
		3E6811991CF7F38800B1B4A8 /* Release */ = {
			isa = XCBuildConfiguration;
			buildSettings = {
				ALWAYS_SEARCH_USER_PATHS = NO;
				CLANG_ANALYZER_NONNULL = YES;
				CLANG_CXX_LANGUAGE_STANDARD = "gnu++0x";
				CLANG_CXX_LIBRARY = "libc++";
				CLANG_ENABLE_MODULES = YES;
				CLANG_ENABLE_OBJC_ARC = YES;
				CLANG_WARN_BLOCK_CAPTURE_AUTORELEASING = YES;
				CLANG_WARN_BOOL_CONVERSION = YES;
				CLANG_WARN_COMMA = YES;
				CLANG_WARN_CONSTANT_CONVERSION = YES;
				CLANG_WARN_DIRECT_OBJC_ISA_USAGE = YES_ERROR;
				CLANG_WARN_EMPTY_BODY = YES;
				CLANG_WARN_ENUM_CONVERSION = YES;
				CLANG_WARN_INFINITE_RECURSION = YES;
				CLANG_WARN_INT_CONVERSION = YES;
				CLANG_WARN_NON_LITERAL_NULL_CONVERSION = YES;
				CLANG_WARN_OBJC_LITERAL_CONVERSION = YES;
				CLANG_WARN_OBJC_ROOT_CLASS = YES_ERROR;
				CLANG_WARN_RANGE_LOOP_ANALYSIS = YES;
				CLANG_WARN_STRICT_PROTOTYPES = YES;
				CLANG_WARN_SUSPICIOUS_MOVE = YES;
				CLANG_WARN_UNREACHABLE_CODE = YES;
				CLANG_WARN__DUPLICATE_METHOD_MATCH = YES;
				"CODE_SIGN_IDENTITY[sdk=iphoneos*]" = "iPhone Developer";
				COPY_PHASE_STRIP = NO;
				DEBUG_INFORMATION_FORMAT = "dwarf-with-dsym";
				ENABLE_NS_ASSERTIONS = NO;
				ENABLE_STRICT_OBJC_MSGSEND = YES;
				GCC_C_LANGUAGE_STANDARD = gnu99;
				GCC_NO_COMMON_BLOCKS = YES;
				GCC_WARN_64_TO_32_BIT_CONVERSION = YES;
				GCC_WARN_ABOUT_RETURN_TYPE = YES_ERROR;
				GCC_WARN_UNDECLARED_SELECTOR = YES;
				GCC_WARN_UNINITIALIZED_AUTOS = YES_AGGRESSIVE;
				GCC_WARN_UNUSED_FUNCTION = YES;
				GCC_WARN_UNUSED_VARIABLE = YES;
				IPHONEOS_DEPLOYMENT_TARGET = 11.0;
				MTL_ENABLE_DEBUG_INFO = NO;
				SDKROOT = iphoneos;
				TARGETED_DEVICE_FAMILY = "1,2";
				VALIDATE_PRODUCT = YES;
			};
			name = Release;
		};
		3E68119B1CF7F38800B1B4A8 /* Debug */ = {
			isa = XCBuildConfiguration;
			buildSettings = {
				ASSETCATALOG_COMPILER_APPICON_NAME = AppIcon;
				INFOPLIST_FILE = CircleDrawingAnimation/Info.plist;
				LD_RUNPATH_SEARCH_PATHS = "$(inherited) @executable_path/Frameworks";
				PRODUCT_BUNDLE_IDENTIFIER = h4labs.CircleDrawingAnimation;
				PRODUCT_NAME = "$(TARGET_NAME)";
				SWIFT_SWIFT3_OBJC_INFERENCE = Default;
				SWIFT_VERSION = 4.0;
			};
			name = Debug;
		};
		3E68119C1CF7F38800B1B4A8 /* Release */ = {
			isa = XCBuildConfiguration;
			buildSettings = {
				ASSETCATALOG_COMPILER_APPICON_NAME = AppIcon;
				INFOPLIST_FILE = CircleDrawingAnimation/Info.plist;
				LD_RUNPATH_SEARCH_PATHS = "$(inherited) @executable_path/Frameworks";
				PRODUCT_BUNDLE_IDENTIFIER = h4labs.CircleDrawingAnimation;
				PRODUCT_NAME = "$(TARGET_NAME)";
				SWIFT_OPTIMIZATION_LEVEL = "-Owholemodule";
				SWIFT_SWIFT3_OBJC_INFERENCE = Default;
				SWIFT_VERSION = 4.0;
			};
			name = Release;
		};
/* End XCBuildConfiguration section */

/* Begin XCConfigurationList section */
		3E6811831CF7F38800B1B4A8 /* Build configuration list for PBXProject "CircleDrawingAnimation" */ = {
			isa = XCConfigurationList;
			buildConfigurations = (
				3E6811981CF7F38800B1B4A8 /* Debug */,
				3E6811991CF7F38800B1B4A8 /* Release */,
			);
			defaultConfigurationIsVisible = 0;
			defaultConfigurationName = Release;
		};
		3E68119A1CF7F38800B1B4A8 /* Build configuration list for PBXNativeTarget "CircleDrawingAnimation" */ = {
			isa = XCConfigurationList;
			buildConfigurations = (
				3E68119B1CF7F38800B1B4A8 /* Debug */,
				3E68119C1CF7F38800B1B4A8 /* Release */,
			);
			defaultConfigurationIsVisible = 0;
			defaultConfigurationName = Release;
		};
/* End XCConfigurationList section */
	};
	rootObject = 3E6811801CF7F38800B1B4A8 /* Project object */;
}
