// !$*UTF8*$!
{
	archiveVersion = 1;
	classes = {
	};
	objectVersion = 46;
	objects = {

/* Begin PBXBuildFile section */
		3E23875C1CF8772C00A4D031 /* CustomTableViewCell.swift in Sources */ = {isa = PBXBuildFile; fileRef = 3E23875A1CF8772C00A4D031 /* CustomTableViewCell.swift */; };
		3E23875D1CF8772C00A4D031 /* CustomTableViewCell.xib in Resources */ = {isa = PBXBuildFile; fileRef = 3E23875B1CF8772C00A4D031 /* CustomTableViewCell.xib */; };
		3E23875F1CF877F600A4D031 /* fr_icon.png in Resources */ = {isa = PBXBuildFile; fileRef = 3E23875E1CF877F600A4D031 /* fr_icon.png */; };
		3E71CAA81CF7FCB600BC58E2 /* AppDelegate.swift in Sources */ = {isa = PBXBuildFile; fileRef = 3E71CAA71CF7FCB600BC58E2 /* AppDelegate.swift */; };
		3E71CAAA1CF7FCB600BC58E2 /* ViewController.swift in Sources */ = {isa = PBXBuildFile; fileRef = 3E71CAA91CF7FCB600BC58E2 /* ViewController.swift */; };
		3E71CAAD1CF7FCB600BC58E2 /* Main.storyboard in Resources */ = {isa = PBXBuildFile; fileRef = 3E71CAAB1CF7FCB600BC58E2 /* Main.storyboard */; };
		3E71CAAF1CF7FCB600BC58E2 /* Assets.xcassets in Resources */ = {isa = PBXBuildFile; fileRef = 3E71CAAE1CF7FCB600BC58E2 /* Assets.xcassets */; };
		3E71CAB21CF7FCB600BC58E2 /* LaunchScreen.storyboard in Resources */ = {isa = PBXBuildFile; fileRef = 3E71CAB01CF7FCB600BC58E2 /* LaunchScreen.storyboard */; };
		3E71CABA1CF7FCF800BC58E2 /* SimpleTableViewController.swift in Sources */ = {isa = PBXBuildFile; fileRef = 3E71CAB91CF7FCF800BC58E2 /* SimpleTableViewController.swift */; };
		3E71CABC1CF7FD2100BC58E2 /* README.org in Resources */ = {isa = PBXBuildFile; fileRef = 3E71CABB1CF7FD2100BC58E2 /* README.org */; };
/* End PBXBuildFile section */

/* Begin PBXFileReference section */
		3E23875A1CF8772C00A4D031 /* CustomTableViewCell.swift */ = {isa = PBXFileReference; fileEncoding = 4; lastKnownFileType = sourcecode.swift; path = CustomTableViewCell.swift; sourceTree = "<group>"; };
		3E23875B1CF8772C00A4D031 /* CustomTableViewCell.xib */ = {isa = PBXFileReference; fileEncoding = 4; lastKnownFileType = file.xib; path = CustomTableViewCell.xib; sourceTree = "<group>"; };
		3E23875E1CF877F600A4D031 /* fr_icon.png */ = {isa = PBXFileReference; lastKnownFileType = image.png; path = fr_icon.png; sourceTree = "<group>"; };
		3E71CAA41CF7FCB600BC58E2 /* TableViewWithCustomCell.app */ = {isa = PBXFileReference; explicitFileType = wrapper.application; includeInIndex = 0; path = TableViewWithCustomCell.app; sourceTree = BUILT_PRODUCTS_DIR; };
		3E71CAA71CF7FCB600BC58E2 /* AppDelegate.swift */ = {isa = PBXFileReference; lastKnownFileType = sourcecode.swift; path = AppDelegate.swift; sourceTree = "<group>"; };
		3E71CAA91CF7FCB600BC58E2 /* ViewController.swift */ = {isa = PBXFileReference; lastKnownFileType = sourcecode.swift; path = ViewController.swift; sourceTree = "<group>"; };
		3E71CAAC1CF7FCB600BC58E2 /* Base */ = {isa = PBXFileReference; lastKnownFileType = file.storyboard; name = Base; path = Base.lproj/Main.storyboard; sourceTree = "<group>"; };
		3E71CAAE1CF7FCB600BC58E2 /* Assets.xcassets */ = {isa = PBXFileReference; lastKnownFileType = folder.assetcatalog; path = Assets.xcassets; sourceTree = "<group>"; };
		3E71CAB11CF7FCB600BC58E2 /* Base */ = {isa = PBXFileReference; lastKnownFileType = file.storyboard; name = Base; path = Base.lproj/LaunchScreen.storyboard; sourceTree = "<group>"; };
		3E71CAB31CF7FCB600BC58E2 /* Info.plist */ = {isa = PBXFileReference; lastKnownFileType = text.plist.xml; path = Info.plist; sourceTree = "<group>"; };
		3E71CAB91CF7FCF800BC58E2 /* SimpleTableViewController.swift */ = {isa = PBXFileReference; fileEncoding = 4; lastKnownFileType = sourcecode.swift; path = SimpleTableViewController.swift; sourceTree = "<group>"; };
		3E71CABB1CF7FD2100BC58E2 /* README.org */ = {isa = PBXFileReference; fileEncoding = 4; lastKnownFileType = text; path = README.org; sourceTree = "<group>"; };
/* End PBXFileReference section */

/* Begin PBXFrameworksBuildPhase section */
		3E71CAA11CF7FCB600BC58E2 /* Frameworks */ = {
			isa = PBXFrameworksBuildPhase;
			buildActionMask = 2147483647;
			files = (
			);
			runOnlyForDeploymentPostprocessing = 0;
		};
/* End PBXFrameworksBuildPhase section */

/* Begin PBXGroup section */
		3E71CA9B1CF7FCB600BC58E2 = {
			isa = PBXGroup;
			children = (
				3E71CAA61CF7FCB600BC58E2 /* TableViewWithCustomCell */,
				3E71CAA51CF7FCB600BC58E2 /* Products */,
			);
			sourceTree = "<group>";
		};
		3E71CAA51CF7FCB600BC58E2 /* Products */ = {
			isa = PBXGroup;
			children = (
				3E71CAA41CF7FCB600BC58E2 /* TableViewWithCustomCell.app */,
			);
			name = Products;
			sourceTree = "<group>";
		};
		3E71CAA61CF7FCB600BC58E2 /* TableViewWithCustomCell */ = {
			isa = PBXGroup;
			children = (
				3E71CABB1CF7FD2100BC58E2 /* README.org */,
				3E23875E1CF877F600A4D031 /* fr_icon.png */,
				3E23875A1CF8772C00A4D031 /* CustomTableViewCell.swift */,
				3E23875B1CF8772C00A4D031 /* CustomTableViewCell.xib */,
				3E71CAA71CF7FCB600BC58E2 /* AppDelegate.swift */,
				3E71CAA91CF7FCB600BC58E2 /* ViewController.swift */,
				3E71CAB91CF7FCF800BC58E2 /* SimpleTableViewController.swift */,
				3E71CAAB1CF7FCB600BC58E2 /* Main.storyboard */,
				3E71CAAE1CF7FCB600BC58E2 /* Assets.xcassets */,
				3E71CAB01CF7FCB600BC58E2 /* LaunchScreen.storyboard */,
				3E71CAB31CF7FCB600BC58E2 /* Info.plist */,
			);
			path = TableViewWithCustomCell;
			sourceTree = "<group>";
		};
/* End PBXGroup section */

/* Begin PBXNativeTarget section */
		3E71CAA31CF7FCB600BC58E2 /* TableViewWithCustomCell */ = {
			isa = PBXNativeTarget;
			buildConfigurationList = 3E71CAB61CF7FCB600BC58E2 /* Build configuration list for PBXNativeTarget "TableViewWithCustomCell" */;
			buildPhases = (
				3E71CAA01CF7FCB600BC58E2 /* Sources */,
				3E71CAA11CF7FCB600BC58E2 /* Frameworks */,
				3E71CAA21CF7FCB600BC58E2 /* Resources */,
			);
			buildRules = (
			);
			dependencies = (
			);
			name = TableViewWithCustomCell;
			productName = TableViewWithCustomCell;
			productReference = 3E71CAA41CF7FCB600BC58E2 /* TableViewWithCustomCell.app */;
			productType = "com.apple.product-type.application";
		};
/* End PBXNativeTarget section */

/* Begin PBXProject section */
		3E71CA9C1CF7FCB600BC58E2 /* Project object */ = {
			isa = PBXProject;
			attributes = {
				LastSwiftUpdateCheck = 0730;
				LastUpgradeCheck = 0730;
				ORGANIZATIONNAME = "Michael Mellinger";
				TargetAttributes = {
					3E71CAA31CF7FCB600BC58E2 = {
						CreatedOnToolsVersion = 7.3.1;
					};
				};
			};
			buildConfigurationList = 3E71CA9F1CF7FCB600BC58E2 /* Build configuration list for PBXProject "TableViewWithCustomCell" */;
			compatibilityVersion = "Xcode 3.2";
			developmentRegion = English;
			hasScannedForEncodings = 0;
			knownRegions = (
				en,
				Base,
			);
			mainGroup = 3E71CA9B1CF7FCB600BC58E2;
			productRefGroup = 3E71CAA51CF7FCB600BC58E2 /* Products */;
			projectDirPath = "";
			projectRoot = "";
			targets = (
				3E71CAA31CF7FCB600BC58E2 /* TableViewWithCustomCell */,
			);
		};
/* End PBXProject section */

/* Begin PBXResourcesBuildPhase section */
		3E71CAA21CF7FCB600BC58E2 /* Resources */ = {
			isa = PBXResourcesBuildPhase;
			buildActionMask = 2147483647;
			files = (
				3E23875F1CF877F600A4D031 /* fr_icon.png in Resources */,
				3E71CAB21CF7FCB600BC58E2 /* LaunchScreen.storyboard in Resources */,
				3E71CAAF1CF7FCB600BC58E2 /* Assets.xcassets in Resources */,
				3E71CABC1CF7FD2100BC58E2 /* README.org in Resources */,
				3E23875D1CF8772C00A4D031 /* CustomTableViewCell.xib in Resources */,
				3E71CAAD1CF7FCB600BC58E2 /* Main.storyboard in Resources */,
			);
			runOnlyForDeploymentPostprocessing = 0;
		};
/* End PBXResourcesBuildPhase section */

/* Begin PBXSourcesBuildPhase section */
		3E71CAA01CF7FCB600BC58E2 /* Sources */ = {
			isa = PBXSourcesBuildPhase;
			buildActionMask = 2147483647;
			files = (
				3E71CABA1CF7FCF800BC58E2 /* SimpleTableViewController.swift in Sources */,
				3E71CAAA1CF7FCB600BC58E2 /* ViewController.swift in Sources */,
				3E23875C1CF8772C00A4D031 /* CustomTableViewCell.swift in Sources */,
				3E71CAA81CF7FCB600BC58E2 /* AppDelegate.swift in Sources */,
			);
			runOnlyForDeploymentPostprocessing = 0;
		};
/* End PBXSourcesBuildPhase section */

/* Begin PBXVariantGroup section */
		3E71CAAB1CF7FCB600BC58E2 /* Main.storyboard */ = {
			isa = PBXVariantGroup;
			children = (
				3E71CAAC1CF7FCB600BC58E2 /* Base */,
			);
			name = Main.storyboard;
			sourceTree = "<group>";
		};
		3E71CAB01CF7FCB600BC58E2 /* LaunchScreen.storyboard */ = {
			isa = PBXVariantGroup;
			children = (
				3E71CAB11CF7FCB600BC58E2 /* Base */,
			);
			name = LaunchScreen.storyboard;
			sourceTree = "<group>";
		};
/* End PBXVariantGroup section */

/* Begin XCBuildConfiguration section */
		3E71CAB41CF7FCB600BC58E2 /* Debug */ = {
			isa = XCBuildConfiguration;
			buildSettings = {
				ALWAYS_SEARCH_USER_PATHS = NO;
				CLANG_ANALYZER_NONNULL = YES;
				CLANG_CXX_LANGUAGE_STANDARD = "gnu++0x";
				CLANG_CXX_LIBRARY = "libc++";
				CLANG_ENABLE_MODULES = YES;
				CLANG_ENABLE_OBJC_ARC = YES;
				CLANG_WARN_BOOL_CONVERSION = YES;
				CLANG_WARN_CONSTANT_CONVERSION = YES;
				CLANG_WARN_DIRECT_OBJC_ISA_USAGE = YES_ERROR;
				CLANG_WARN_EMPTY_BODY = YES;
				CLANG_WARN_ENUM_CONVERSION = YES;
				CLANG_WARN_INT_CONVERSION = YES;
				CLANG_WARN_OBJC_ROOT_CLASS = YES_ERROR;
				CLANG_WARN_UNREACHABLE_CODE = YES;
				CLANG_WARN__DUPLICATE_METHOD_MATCH = YES;
				"CODE_SIGN_IDENTITY[sdk=iphoneos*]" = "iPhone Developer";
				COPY_PHASE_STRIP = NO;
				DEBUG_INFORMATION_FORMAT = dwarf;
				ENABLE_STRICT_OBJC_MSGSEND = YES;
				ENABLE_TESTABILITY = YES;
				GCC_C_LANGUAGE_STANDARD = gnu99;
				GCC_DYNAMIC_NO_PIC = NO;
				GCC_NO_COMMON_BLOCKS = YES;
				GCC_OPTIMIZATION_LEVEL = 0;
				GCC_PREPROCESSOR_DEFINITIONS = (
					"DEBUG=1",
					"$(inherited)",
				);
				GCC_WARN_64_TO_32_BIT_CONVERSION = YES;
				GCC_WARN_ABOUT_RETURN_TYPE = YES_ERROR;
				GCC_WARN_UNDECLARED_SELECTOR = YES;
				GCC_WARN_UNINITIALIZED_AUTOS = YES_AGGRESSIVE;
				GCC_WARN_UNUSED_FUNCTION = YES;
				GCC_WARN_UNUSED_VARIABLE = YES;
				IPHONEOS_DEPLOYMENT_TARGET = 9.3;
				MTL_ENABLE_DEBUG_INFO = YES;
				ONLY_ACTIVE_ARCH = YES;
				SDKROOT = iphoneos;
				SWIFT_OPTIMIZATION_LEVEL = "-Onone";
				TARGETED_DEVICE_FAMILY = "1,2";
			};
			name = Debug;
		};
		3E71CAB51CF7FCB600BC58E2 /* Release */ = {
			isa = XCBuildConfiguration;
			buildSettings = {
				ALWAYS_SEARCH_USER_PATHS = NO;
				CLANG_ANALYZER_NONNULL = YES;
				CLANG_CXX_LANGUAGE_STANDARD = "gnu++0x";
				CLANG_CXX_LIBRARY = "libc++";
				CLANG_ENABLE_MODULES = YES;
				CLANG_ENABLE_OBJC_ARC = YES;
				CLANG_WARN_BOOL_CONVERSION = YES;
				CLANG_WARN_CONSTANT_CONVERSION = YES;
				CLANG_WARN_DIRECT_OBJC_ISA_USAGE = YES_ERROR;
				CLANG_WARN_EMPTY_BODY = YES;
				CLANG_WARN_ENUM_CONVERSION = YES;
				CLANG_WARN_INT_CONVERSION = YES;
				CLANG_WARN_OBJC_ROOT_CLASS = YES_ERROR;
				CLANG_WARN_UNREACHABLE_CODE = YES;
				CLANG_WARN__DUPLICATE_METHOD_MATCH = YES;
				"CODE_SIGN_IDENTITY[sdk=iphoneos*]" = "iPhone Developer";
				COPY_PHASE_STRIP = NO;
				DEBUG_INFORMATION_FORMAT = "dwarf-with-dsym";
				ENABLE_NS_ASSERTIONS = NO;
				ENABLE_STRICT_OBJC_MSGSEND = YES;
				GCC_C_LANGUAGE_STANDARD = gnu99;
				GCC_NO_COMMON_BLOCKS = YES;
				GCC_WARN_64_TO_32_BIT_CONVERSION = YES;
				GCC_WARN_ABOUT_RETURN_TYPE = YES_ERROR;
				GCC_WARN_UNDECLARED_SELECTOR = YES;
				GCC_WARN_UNINITIALIZED_AUTOS = YES_AGGRESSIVE;
				GCC_WARN_UNUSED_FUNCTION = YES;
				GCC_WARN_UNUSED_VARIABLE = YES;
				IPHONEOS_DEPLOYMENT_TARGET = 9.3;
				MTL_ENABLE_DEBUG_INFO = NO;
				SDKROOT = iphoneos;
				TARGETED_DEVICE_FAMILY = "1,2";
				VALIDATE_PRODUCT = YES;
			};
			name = Release;
		};
		3E71CAB71CF7FCB600BC58E2 /* Debug */ = {
			isa = XCBuildConfiguration;
			buildSettings = {
				ASSETCATALOG_COMPILER_APPICON_NAME = AppIcon;
				INFOPLIST_FILE = TableViewWithCustomCell/Info.plist;
				LD_RUNPATH_SEARCH_PATHS = "$(inherited) @executable_path/Frameworks";
				PRODUCT_BUNDLE_IDENTIFIER = h4labs.TableViewWithCustomCell;
				PRODUCT_NAME = "$(TARGET_NAME)";
			};
			name = Debug;
		};
		3E71CAB81CF7FCB600BC58E2 /* Release */ = {
			isa = XCBuildConfiguration;
			buildSettings = {
				ASSETCATALOG_COMPILER_APPICON_NAME = AppIcon;
				INFOPLIST_FILE = TableViewWithCustomCell/Info.plist;
				LD_RUNPATH_SEARCH_PATHS = "$(inherited) @executable_path/Frameworks";
				PRODUCT_BUNDLE_IDENTIFIER = h4labs.TableViewWithCustomCell;
				PRODUCT_NAME = "$(TARGET_NAME)";
			};
			name = Release;
		};
/* End XCBuildConfiguration section */

/* Begin XCConfigurationList section */
		3E71CA9F1CF7FCB600BC58E2 /* Build configuration list for PBXProject "TableViewWithCustomCell" */ = {
			isa = XCConfigurationList;
			buildConfigurations = (
				3E71CAB41CF7FCB600BC58E2 /* Debug */,
				3E71CAB51CF7FCB600BC58E2 /* Release */,
			);
			defaultConfigurationIsVisible = 0;
			defaultConfigurationName = Release;
		};
		3E71CAB61CF7FCB600BC58E2 /* Build configuration list for PBXNativeTarget "TableViewWithCustomCell" */ = {
			isa = XCConfigurationList;
			buildConfigurations = (
				3E71CAB71CF7FCB600BC58E2 /* Debug */,
				3E71CAB81CF7FCB600BC58E2 /* Release */,
			);
			defaultConfigurationIsVisible = 0;
			defaultConfigurationName = Release;
		};
/* End XCConfigurationList section */
	};
	rootObject = 3E71CA9C1CF7FCB600BC58E2 /* Project object */;
}
