// !$*UTF8*$!
{
	archiveVersion = 1;
	classes = {
	};
	objectVersion = 46;
	objects = {

/* Begin PBXBuildFile section */
		3E1868FC1CF5FFF400C7960F /* AppDelegate.swift in Sources */ = {isa = PBXBuildFile; fileRef = 3E1868FB1CF5FFF400C7960F /* AppDelegate.swift */; };
		3E1868FE1CF5FFF400C7960F /* ViewController.swift in Sources */ = {isa = PBXBuildFile; fileRef = 3E1868FD1CF5FFF400C7960F /* ViewController.swift */; };
		3E1869011CF5FFF400C7960F /* Main.storyboard in Resources */ = {isa = PBXBuildFile; fileRef = 3E1868FF1CF5FFF400C7960F /* Main.storyboard */; };
		3E1869031CF5FFF400C7960F /* Assets.xcassets in Resources */ = {isa = PBXBuildFile; fileRef = 3E1869021CF5FFF400C7960F /* Assets.xcassets */; };
		3E1869061CF5FFF400C7960F /* LaunchScreen.storyboard in Resources */ = {isa = PBXBuildFile; fileRef = 3E1869041CF5FFF400C7960F /* LaunchScreen.storyboard */; };
		3E7090731CFE04110095778E /* BasicViewController.swift in Sources */ = {isa = PBXBuildFile; fileRef = 3E7090721CFE04110095778E /* BasicViewController.swift */; };
/* End PBXBuildFile section */

/* Begin PBXFileReference section */
		3E1868F81CF5FFF400C7960F /* CollectionViewDelegate.app */ = {isa = PBXFileReference; explicitFileType = wrapper.application; includeInIndex = 0; path = CollectionViewDelegate.app; sourceTree = BUILT_PRODUCTS_DIR; };
		3E1868FB1CF5FFF400C7960F /* AppDelegate.swift */ = {isa = PBXFileReference; lastKnownFileType = sourcecode.swift; path = AppDelegate.swift; sourceTree = "<group>"; };
		3E1868FD1CF5FFF400C7960F /* ViewController.swift */ = {isa = PBXFileReference; lastKnownFileType = sourcecode.swift; path = ViewController.swift; sourceTree = "<group>"; };
		3E1869001CF5FFF400C7960F /* Base */ = {isa = PBXFileReference; lastKnownFileType = file.storyboard; name = Base; path = Base.lproj/Main.storyboard; sourceTree = "<group>"; };
		3E1869021CF5FFF400C7960F /* Assets.xcassets */ = {isa = PBXFileReference; lastKnownFileType = folder.assetcatalog; path = Assets.xcassets; sourceTree = "<group>"; };
		3E1869051CF5FFF400C7960F /* Base */ = {isa = PBXFileReference; lastKnownFileType = file.storyboard; name = Base; path = Base.lproj/LaunchScreen.storyboard; sourceTree = "<group>"; };
		3E1869071CF5FFF400C7960F /* Info.plist */ = {isa = PBXFileReference; lastKnownFileType = text.plist.xml; path = Info.plist; sourceTree = "<group>"; };
		3E7090721CFE04110095778E /* BasicViewController.swift */ = {isa = PBXFileReference; fileEncoding = 4; lastKnownFileType = sourcecode.swift; path = BasicViewController.swift; sourceTree = "<group>"; };
/* End PBXFileReference section */

/* Begin PBXFrameworksBuildPhase section */
		3E1868F51CF5FFF400C7960F /* Frameworks */ = {
			isa = PBXFrameworksBuildPhase;
			buildActionMask = 2147483647;
			files = (
			);
			runOnlyForDeploymentPostprocessing = 0;
		};
/* End PBXFrameworksBuildPhase section */

/* Begin PBXGroup section */
		3E1868EF1CF5FFF400C7960F = {
			isa = PBXGroup;
			children = (
				3E1868FA1CF5FFF400C7960F /* CollectionViewDelegate */,
				3E1868F91CF5FFF400C7960F /* Products */,
			);
			sourceTree = "<group>";
		};
		3E1868F91CF5FFF400C7960F /* Products */ = {
			isa = PBXGroup;
			children = (
				3E1868F81CF5FFF400C7960F /* CollectionViewDelegate.app */,
			);
			name = Products;
			sourceTree = "<group>";
		};
		3E1868FA1CF5FFF400C7960F /* CollectionViewDelegate */ = {
			isa = PBXGroup;
			children = (
				3E7090721CFE04110095778E /* BasicViewController.swift */,
				3E1868FB1CF5FFF400C7960F /* AppDelegate.swift */,
				3E1868FD1CF5FFF400C7960F /* ViewController.swift */,
				3E1868FF1CF5FFF400C7960F /* Main.storyboard */,
				3E1869021CF5FFF400C7960F /* Assets.xcassets */,
				3E1869041CF5FFF400C7960F /* LaunchScreen.storyboard */,
				3E1869071CF5FFF400C7960F /* Info.plist */,
			);
			path = CollectionViewDelegate;
			sourceTree = "<group>";
		};
/* End PBXGroup section */

/* Begin PBXNativeTarget section */
		3E1868F71CF5FFF400C7960F /* CollectionViewDelegate */ = {
			isa = PBXNativeTarget;
			buildConfigurationList = 3E18690A1CF5FFF400C7960F /* Build configuration list for PBXNativeTarget "CollectionViewDelegate" */;
			buildPhases = (
				3E1868F41CF5FFF400C7960F /* Sources */,
				3E1868F51CF5FFF400C7960F /* Frameworks */,
				3E1868F61CF5FFF400C7960F /* Resources */,
			);
			buildRules = (
			);
			dependencies = (
			);
			name = CollectionViewDelegate;
			productName = CollectionViewDelegate;
			productReference = 3E1868F81CF5FFF400C7960F /* CollectionViewDelegate.app */;
			productType = "com.apple.product-type.application";
		};
/* End PBXNativeTarget section */

/* Begin PBXProject section */
		3E1868F01CF5FFF400C7960F /* Project object */ = {
			isa = PBXProject;
			attributes = {
				LastSwiftUpdateCheck = 0730;
				LastUpgradeCheck = 0730;
				ORGANIZATIONNAME = h4labs;
				TargetAttributes = {
					3E1868F71CF5FFF400C7960F = {
						CreatedOnToolsVersion = 7.3.1;
					};
				};
			};
			buildConfigurationList = 3E1868F31CF5FFF400C7960F /* Build configuration list for PBXProject "CollectionViewDelegate" */;
			compatibilityVersion = "Xcode 3.2";
			developmentRegion = English;
			hasScannedForEncodings = 0;
			knownRegions = (
				en,
				Base,
			);
			mainGroup = 3E1868EF1CF5FFF400C7960F;
			productRefGroup = 3E1868F91CF5FFF400C7960F /* Products */;
			projectDirPath = "";
			projectRoot = "";
			targets = (
				3E1868F71CF5FFF400C7960F /* CollectionViewDelegate */,
			);
		};
/* End PBXProject section */

/* Begin PBXResourcesBuildPhase section */
		3E1868F61CF5FFF400C7960F /* Resources */ = {
			isa = PBXResourcesBuildPhase;
			buildActionMask = 2147483647;
			files = (
				3E1869061CF5FFF400C7960F /* LaunchScreen.storyboard in Resources */,
				3E1869031CF5FFF400C7960F /* Assets.xcassets in Resources */,
				3E1869011CF5FFF400C7960F /* Main.storyboard in Resources */,
			);
			runOnlyForDeploymentPostprocessing = 0;
		};
/* End PBXResourcesBuildPhase section */

/* Begin PBXSourcesBuildPhase section */
		3E1868F41CF5FFF400C7960F /* Sources */ = {
			isa = PBXSourcesBuildPhase;
			buildActionMask = 2147483647;
			files = (
				3E1868FE1CF5FFF400C7960F /* ViewController.swift in Sources */,
				3E7090731CFE04110095778E /* BasicViewController.swift in Sources */,
				3E1868FC1CF5FFF400C7960F /* AppDelegate.swift in Sources */,
			);
			runOnlyForDeploymentPostprocessing = 0;
		};
/* End PBXSourcesBuildPhase section */

/* Begin PBXVariantGroup section */
		3E1868FF1CF5FFF400C7960F /* Main.storyboard */ = {
			isa = PBXVariantGroup;
			children = (
				3E1869001CF5FFF400C7960F /* Base */,
			);
			name = Main.storyboard;
			sourceTree = "<group>";
		};
		3E1869041CF5FFF400C7960F /* LaunchScreen.storyboard */ = {
			isa = PBXVariantGroup;
			children = (
				3E1869051CF5FFF400C7960F /* Base */,
			);
			name = LaunchScreen.storyboard;
			sourceTree = "<group>";
		};
/* End PBXVariantGroup section */

/* Begin XCBuildConfiguration section */
		3E1869081CF5FFF400C7960F /* Debug */ = {
			isa = XCBuildConfiguration;
			buildSettings = {
				ALWAYS_SEARCH_USER_PATHS = NO;
				CLANG_ANALYZER_NONNULL = YES;
				CLANG_CXX_LANGUAGE_STANDARD = "gnu++0x";
				CLANG_CXX_LIBRARY = "libc++";
				CLANG_ENABLE_MODULES = YES;
				CLANG_ENABLE_OBJC_ARC = YES;
				CLANG_WARN_BOOL_CONVERSION = YES;
				CLANG_WARN_CONSTANT_CONVERSION = YES;
				CLANG_WARN_DIRECT_OBJC_ISA_USAGE = YES_ERROR;
				CLANG_WARN_EMPTY_BODY = YES;
				CLANG_WARN_ENUM_CONVERSION = YES;
				CLANG_WARN_INT_CONVERSION = YES;
				CLANG_WARN_OBJC_ROOT_CLASS = YES_ERROR;
				CLANG_WARN_UNREACHABLE_CODE = YES;
				CLANG_WARN__DUPLICATE_METHOD_MATCH = YES;
				"CODE_SIGN_IDENTITY[sdk=iphoneos*]" = "iPhone Developer";
				COPY_PHASE_STRIP = NO;
				DEBUG_INFORMATION_FORMAT = dwarf;
				ENABLE_STRICT_OBJC_MSGSEND = YES;
				ENABLE_TESTABILITY = YES;
				GCC_C_LANGUAGE_STANDARD = gnu99;
				GCC_DYNAMIC_NO_PIC = NO;
				GCC_NO_COMMON_BLOCKS = YES;
				GCC_OPTIMIZATION_LEVEL = 0;
				GCC_PREPROCESSOR_DEFINITIONS = (
					"DEBUG=1",
					"$(inherited)",
				);
				GCC_WARN_64_TO_32_BIT_CONVERSION = YES;
				GCC_WARN_ABOUT_RETURN_TYPE = YES_ERROR;
				GCC_WARN_UNDECLARED_SELECTOR = YES;
				GCC_WARN_UNINITIALIZED_AUTOS = YES_AGGRESSIVE;
				GCC_WARN_UNUSED_FUNCTION = YES;
				GCC_WARN_UNUSED_VARIABLE = YES;
				IPHONEOS_DEPLOYMENT_TARGET = 9.3;
				MTL_ENABLE_DEBUG_INFO = YES;
				ONLY_ACTIVE_ARCH = YES;
				SDKROOT = iphoneos;
				SWIFT_OPTIMIZATION_LEVEL = "-Onone";
				TARGETED_DEVICE_FAMILY = "1,2";
			};
			name = Debug;
		};
		3E1869091CF5FFF400C7960F /* Release */ = {
			isa = XCBuildConfiguration;
			buildSettings = {
				ALWAYS_SEARCH_USER_PATHS = NO;
				CLANG_ANALYZER_NONNULL = YES;
				CLANG_CXX_LANGUAGE_STANDARD = "gnu++0x";
				CLANG_CXX_LIBRARY = "libc++";
				CLANG_ENABLE_MODULES = YES;
				CLANG_ENABLE_OBJC_ARC = YES;
				CLANG_WARN_BOOL_CONVERSION = YES;
				CLANG_WARN_CONSTANT_CONVERSION = YES;
				CLANG_WARN_DIRECT_OBJC_ISA_USAGE = YES_ERROR;
				CLANG_WARN_EMPTY_BODY = YES;
				CLANG_WARN_ENUM_CONVERSION = YES;
				CLANG_WARN_INT_CONVERSION = YES;
				CLANG_WARN_OBJC_ROOT_CLASS = YES_ERROR;
				CLANG_WARN_UNREACHABLE_CODE = YES;
				CLANG_WARN__DUPLICATE_METHOD_MATCH = YES;
				"CODE_SIGN_IDENTITY[sdk=iphoneos*]" = "iPhone Developer";
				COPY_PHASE_STRIP = NO;
				DEBUG_INFORMATION_FORMAT = "dwarf-with-dsym";
				ENABLE_NS_ASSERTIONS = NO;
				ENABLE_STRICT_OBJC_MSGSEND = YES;
				GCC_C_LANGUAGE_STANDARD = gnu99;
				GCC_NO_COMMON_BLOCKS = YES;
				GCC_WARN_64_TO_32_BIT_CONVERSION = YES;
				GCC_WARN_ABOUT_RETURN_TYPE = YES_ERROR;
				GCC_WARN_UNDECLARED_SELECTOR = YES;
				GCC_WARN_UNINITIALIZED_AUTOS = YES_AGGRESSIVE;
				GCC_WARN_UNUSED_FUNCTION = YES;
				GCC_WARN_UNUSED_VARIABLE = YES;
				IPHONEOS_DEPLOYMENT_TARGET = 9.3;
				MTL_ENABLE_DEBUG_INFO = NO;
				SDKROOT = iphoneos;
				TARGETED_DEVICE_FAMILY = "1,2";
				VALIDATE_PRODUCT = YES;
			};
			name = Release;
		};
		3E18690B1CF5FFF400C7960F /* Debug */ = {
			isa = XCBuildConfiguration;
			buildSettings = {
				ASSETCATALOG_COMPILER_APPICON_NAME = AppIcon;
				INFOPLIST_FILE = CollectionViewDelegate/Info.plist;
				LD_RUNPATH_SEARCH_PATHS = "$(inherited) @executable_path/Frameworks";
				PRODUCT_BUNDLE_IDENTIFIER = com.h4labs.CollectionViewDelegate;
				PRODUCT_NAME = "$(TARGET_NAME)";
			};
			name = Debug;
		};
		3E18690C1CF5FFF400C7960F /* Release */ = {
			isa = XCBuildConfiguration;
			buildSettings = {
				ASSETCATALOG_COMPILER_APPICON_NAME = AppIcon;
				INFOPLIST_FILE = CollectionViewDelegate/Info.plist;
				LD_RUNPATH_SEARCH_PATHS = "$(inherited) @executable_path/Frameworks";
				PRODUCT_BUNDLE_IDENTIFIER = com.h4labs.CollectionViewDelegate;
				PRODUCT_NAME = "$(TARGET_NAME)";
			};
			name = Release;
		};
/* End XCBuildConfiguration section */

/* Begin XCConfigurationList section */
		3E1868F31CF5FFF400C7960F /* Build configuration list for PBXProject "CollectionViewDelegate" */ = {
			isa = XCConfigurationList;
			buildConfigurations = (
				3E1869081CF5FFF400C7960F /* Debug */,
				3E1869091CF5FFF400C7960F /* Release */,
			);
			defaultConfigurationIsVisible = 0;
			defaultConfigurationName = Release;
		};
		3E18690A1CF5FFF400C7960F /* Build configuration list for PBXNativeTarget "CollectionViewDelegate" */ = {
			isa = XCConfigurationList;
			buildConfigurations = (
				3E18690B1CF5FFF400C7960F /* Debug */,
				3E18690C1CF5FFF400C7960F /* Release */,
			);
			defaultConfigurationIsVisible = 0;
			defaultConfigurationName = Release;
		};
/* End XCConfigurationList section */
	};
	rootObject = 3E1868F01CF5FFF400C7960F /* Project object */;
}
