// !$*UTF8*$!
{
	archiveVersion = 1;
	classes = {
	};
	objectVersion = 46;
	objects = {

/* Begin PBXBuildFile section */
		3E4CD5A81DA820E500B1FF1D /* AppDelegate.swift in Sources */ = {isa = PBXBuildFile; fileRef = 3E4CD5A71DA820E500B1FF1D /* AppDelegate.swift */; };
		3E4CD5AA1DA820E500B1FF1D /* ViewController.swift in Sources */ = {isa = PBXBuildFile; fileRef = 3E4CD5A91DA820E500B1FF1D /* ViewController.swift */; };
		3E4CD5AD1DA820E500B1FF1D /* Main.storyboard in Resources */ = {isa = PBXBuildFile; fileRef = 3E4CD5AB1DA820E500B1FF1D /* Main.storyboard */; };
		3E4CD5AF1DA820E500B1FF1D /* Assets.xcassets in Resources */ = {isa = PBXBuildFile; fileRef = 3E4CD5AE1DA820E500B1FF1D /* Assets.xcassets */; };
		3E4CD5B21DA820E500B1FF1D /* LaunchScreen.storyboard in Resources */ = {isa = PBXBuildFile; fileRef = 3E4CD5B01DA820E500B1FF1D /* LaunchScreen.storyboard */; };
		3E4CD5BA1DA822B600B1FF1D /* README.org in Resources */ = {isa = PBXBuildFile; fileRef = 3E4CD5B91DA822B600B1FF1D /* README.org */; };
/* End PBXBuildFile section */

/* Begin PBXFileReference section */
		3E4CD5A41DA820E500B1FF1D /* TwoButtonsInStackView.app */ = {isa = PBXFileReference; explicitFileType = wrapper.application; includeInIndex = 0; path = TwoButtonsInStackView.app; sourceTree = BUILT_PRODUCTS_DIR; };
		3E4CD5A71DA820E500B1FF1D /* AppDelegate.swift */ = {isa = PBXFileReference; lastKnownFileType = sourcecode.swift; path = AppDelegate.swift; sourceTree = "<group>"; };
		3E4CD5A91DA820E500B1FF1D /* ViewController.swift */ = {isa = PBXFileReference; lastKnownFileType = sourcecode.swift; path = ViewController.swift; sourceTree = "<group>"; };
		3E4CD5AC1DA820E500B1FF1D /* Base */ = {isa = PBXFileReference; lastKnownFileType = file.storyboard; name = Base; path = Base.lproj/Main.storyboard; sourceTree = "<group>"; };
		3E4CD5AE1DA820E500B1FF1D /* Assets.xcassets */ = {isa = PBXFileReference; lastKnownFileType = folder.assetcatalog; path = Assets.xcassets; sourceTree = "<group>"; };
		3E4CD5B11DA820E500B1FF1D /* Base */ = {isa = PBXFileReference; lastKnownFileType = file.storyboard; name = Base; path = Base.lproj/LaunchScreen.storyboard; sourceTree = "<group>"; };
		3E4CD5B31DA820E500B1FF1D /* Info.plist */ = {isa = PBXFileReference; lastKnownFileType = text.plist.xml; path = Info.plist; sourceTree = "<group>"; };
		3E4CD5B91DA822B600B1FF1D /* README.org */ = {isa = PBXFileReference; fileEncoding = 4; lastKnownFileType = text; path = README.org; sourceTree = "<group>"; };
/* End PBXFileReference section */

/* Begin PBXFrameworksBuildPhase section */
		3E4CD5A11DA820E500B1FF1D /* Frameworks */ = {
			isa = PBXFrameworksBuildPhase;
			buildActionMask = 2147483647;
			files = (
			);
			runOnlyForDeploymentPostprocessing = 0;
		};
/* End PBXFrameworksBuildPhase section */

/* Begin PBXGroup section */
		3E4CD59B1DA820E500B1FF1D = {
			isa = PBXGroup;
			children = (
				3E4CD5A61DA820E500B1FF1D /* TwoButtonsInStackView */,
				3E4CD5A51DA820E500B1FF1D /* Products */,
			);
			sourceTree = "<group>";
		};
		3E4CD5A51DA820E500B1FF1D /* Products */ = {
			isa = PBXGroup;
			children = (
				3E4CD5A41DA820E500B1FF1D /* TwoButtonsInStackView.app */,
			);
			name = Products;
			sourceTree = "<group>";
		};
		3E4CD5A61DA820E500B1FF1D /* TwoButtonsInStackView */ = {
			isa = PBXGroup;
			children = (
				3E4CD5B91DA822B600B1FF1D /* README.org */,
				3E4CD5A71DA820E500B1FF1D /* AppDelegate.swift */,
				3E4CD5A91DA820E500B1FF1D /* ViewController.swift */,
				3E4CD5AB1DA820E500B1FF1D /* Main.storyboard */,
				3E4CD5AE1DA820E500B1FF1D /* Assets.xcassets */,
				3E4CD5B01DA820E500B1FF1D /* LaunchScreen.storyboard */,
				3E4CD5B31DA820E500B1FF1D /* Info.plist */,
			);
			path = TwoButtonsInStackView;
			sourceTree = "<group>";
		};
/* End PBXGroup section */

/* Begin PBXNativeTarget section */
		3E4CD5A31DA820E500B1FF1D /* TwoButtonsInStackView */ = {
			isa = PBXNativeTarget;
			buildConfigurationList = 3E4CD5B61DA820E500B1FF1D /* Build configuration list for PBXNativeTarget "TwoButtonsInStackView" */;
			buildPhases = (
				3E4CD5A01DA820E500B1FF1D /* Sources */,
				3E4CD5A11DA820E500B1FF1D /* Frameworks */,
				3E4CD5A21DA820E500B1FF1D /* Resources */,
			);
			buildRules = (
			);
			dependencies = (
			);
			name = TwoButtonsInStackView;
			productName = TwoButtonsInStackView;
			productReference = 3E4CD5A41DA820E500B1FF1D /* TwoButtonsInStackView.app */;
			productType = "com.apple.product-type.application";
		};
/* End PBXNativeTarget section */

/* Begin PBXProject section */
		3E4CD59C1DA820E500B1FF1D /* Project object */ = {
			isa = PBXProject;
			attributes = {
				LastSwiftUpdateCheck = 0800;
				LastUpgradeCheck = 0800;
				ORGANIZATIONNAME = h4labs;
				TargetAttributes = {
					3E4CD5A31DA820E500B1FF1D = {
						CreatedOnToolsVersion = 8.0;
						DevelopmentTeam = C5P6WCW5A6;
						ProvisioningStyle = Automatic;
					};
				};
			};
			buildConfigurationList = 3E4CD59F1DA820E500B1FF1D /* Build configuration list for PBXProject "TwoButtonsInStackView" */;
			compatibilityVersion = "Xcode 3.2";
			developmentRegion = English;
			hasScannedForEncodings = 0;
			knownRegions = (
				en,
				Base,
			);
			mainGroup = 3E4CD59B1DA820E500B1FF1D;
			productRefGroup = 3E4CD5A51DA820E500B1FF1D /* Products */;
			projectDirPath = "";
			projectRoot = "";
			targets = (
				3E4CD5A31DA820E500B1FF1D /* TwoButtonsInStackView */,
			);
		};
/* End PBXProject section */

/* Begin PBXResourcesBuildPhase section */
		3E4CD5A21DA820E500B1FF1D /* Resources */ = {
			isa = PBXResourcesBuildPhase;
			buildActionMask = 2147483647;
			files = (
				3E4CD5B21DA820E500B1FF1D /* LaunchScreen.storyboard in Resources */,
				3E4CD5AF1DA820E500B1FF1D /* Assets.xcassets in Resources */,
				3E4CD5BA1DA822B600B1FF1D /* README.org in Resources */,
				3E4CD5AD1DA820E500B1FF1D /* Main.storyboard in Resources */,
			);
			runOnlyForDeploymentPostprocessing = 0;
		};
/* End PBXResourcesBuildPhase section */

/* Begin PBXSourcesBuildPhase section */
		3E4CD5A01DA820E500B1FF1D /* Sources */ = {
			isa = PBXSourcesBuildPhase;
			buildActionMask = 2147483647;
			files = (
				3E4CD5AA1DA820E500B1FF1D /* ViewController.swift in Sources */,
				3E4CD5A81DA820E500B1FF1D /* AppDelegate.swift in Sources */,
			);
			runOnlyForDeploymentPostprocessing = 0;
		};
/* End PBXSourcesBuildPhase section */

/* Begin PBXVariantGroup section */
		3E4CD5AB1DA820E500B1FF1D /* Main.storyboard */ = {
			isa = PBXVariantGroup;
			children = (
				3E4CD5AC1DA820E500B1FF1D /* Base */,
			);
			name = Main.storyboard;
			sourceTree = "<group>";
		};
		3E4CD5B01DA820E500B1FF1D /* LaunchScreen.storyboard */ = {
			isa = PBXVariantGroup;
			children = (
				3E4CD5B11DA820E500B1FF1D /* Base */,
			);
			name = LaunchScreen.storyboard;
			sourceTree = "<group>";
		};
/* End PBXVariantGroup section */

/* Begin XCBuildConfiguration section */
		3E4CD5B41DA820E500B1FF1D /* Debug */ = {
			isa = XCBuildConfiguration;
			buildSettings = {
				ALWAYS_SEARCH_USER_PATHS = NO;
				CLANG_ANALYZER_NONNULL = YES;
				CLANG_CXX_LANGUAGE_STANDARD = "gnu++0x";
				CLANG_CXX_LIBRARY = "libc++";
				CLANG_ENABLE_MODULES = YES;
				CLANG_ENABLE_OBJC_ARC = YES;
				CLANG_WARN_BOOL_CONVERSION = YES;
				CLANG_WARN_CONSTANT_CONVERSION = YES;
				CLANG_WARN_DIRECT_OBJC_ISA_USAGE = YES_ERROR;
				CLANG_WARN_DOCUMENTATION_COMMENTS = YES;
				CLANG_WARN_EMPTY_BODY = YES;
				CLANG_WARN_ENUM_CONVERSION = YES;
				CLANG_WARN_INFINITE_RECURSION = YES;
				CLANG_WARN_INT_CONVERSION = YES;
				CLANG_WARN_OBJC_ROOT_CLASS = YES_ERROR;
				CLANG_WARN_SUSPICIOUS_MOVES = YES;
				CLANG_WARN_UNREACHABLE_CODE = YES;
				CLANG_WARN__DUPLICATE_METHOD_MATCH = YES;
				"CODE_SIGN_IDENTITY[sdk=iphoneos*]" = "iPhone Developer";
				COPY_PHASE_STRIP = NO;
				DEBUG_INFORMATION_FORMAT = dwarf;
				ENABLE_STRICT_OBJC_MSGSEND = YES;
				ENABLE_TESTABILITY = YES;
				GCC_C_LANGUAGE_STANDARD = gnu99;
				GCC_DYNAMIC_NO_PIC = NO;
				GCC_NO_COMMON_BLOCKS = YES;
				GCC_OPTIMIZATION_LEVEL = 0;
				GCC_PREPROCESSOR_DEFINITIONS = (
					"DEBUG=1",
					"$(inherited)",
				);
				GCC_WARN_64_TO_32_BIT_CONVERSION = YES;
				GCC_WARN_ABOUT_RETURN_TYPE = YES_ERROR;
				GCC_WARN_UNDECLARED_SELECTOR = YES;
				GCC_WARN_UNINITIALIZED_AUTOS = YES_AGGRESSIVE;
				GCC_WARN_UNUSED_FUNCTION = YES;
				GCC_WARN_UNUSED_VARIABLE = YES;
				IPHONEOS_DEPLOYMENT_TARGET = 10.0;
				MTL_ENABLE_DEBUG_INFO = YES;
				ONLY_ACTIVE_ARCH = YES;
				SDKROOT = iphoneos;
				SWIFT_ACTIVE_COMPILATION_CONDITIONS = DEBUG;
				SWIFT_OPTIMIZATION_LEVEL = "-Onone";
				TARGETED_DEVICE_FAMILY = "1,2";
			};
			name = Debug;
		};
		3E4CD5B51DA820E500B1FF1D /* Release */ = {
			isa = XCBuildConfiguration;
			buildSettings = {
				ALWAYS_SEARCH_USER_PATHS = NO;
				CLANG_ANALYZER_NONNULL = YES;
				CLANG_CXX_LANGUAGE_STANDARD = "gnu++0x";
				CLANG_CXX_LIBRARY = "libc++";
				CLANG_ENABLE_MODULES = YES;
				CLANG_ENABLE_OBJC_ARC = YES;
				CLANG_WARN_BOOL_CONVERSION = YES;
				CLANG_WARN_CONSTANT_CONVERSION = YES;
				CLANG_WARN_DIRECT_OBJC_ISA_USAGE = YES_ERROR;
				CLANG_WARN_DOCUMENTATION_COMMENTS = YES;
				CLANG_WARN_EMPTY_BODY = YES;
				CLANG_WARN_ENUM_CONVERSION = YES;
				CLANG_WARN_INFINITE_RECURSION = YES;
				CLANG_WARN_INT_CONVERSION = YES;
				CLANG_WARN_OBJC_ROOT_CLASS = YES_ERROR;
				CLANG_WARN_SUSPICIOUS_MOVES = YES;
				CLANG_WARN_UNREACHABLE_CODE = YES;
				CLANG_WARN__DUPLICATE_METHOD_MATCH = YES;
				"CODE_SIGN_IDENTITY[sdk=iphoneos*]" = "iPhone Developer";
				COPY_PHASE_STRIP = NO;
				DEBUG_INFORMATION_FORMAT = "dwarf-with-dsym";
				ENABLE_NS_ASSERTIONS = NO;
				ENABLE_STRICT_OBJC_MSGSEND = YES;
				GCC_C_LANGUAGE_STANDARD = gnu99;
				GCC_NO_COMMON_BLOCKS = YES;
				GCC_WARN_64_TO_32_BIT_CONVERSION = YES;
				GCC_WARN_ABOUT_RETURN_TYPE = YES_ERROR;
				GCC_WARN_UNDECLARED_SELECTOR = YES;
				GCC_WARN_UNINITIALIZED_AUTOS = YES_AGGRESSIVE;
				GCC_WARN_UNUSED_FUNCTION = YES;
				GCC_WARN_UNUSED_VARIABLE = YES;
				IPHONEOS_DEPLOYMENT_TARGET = 10.0;
				MTL_ENABLE_DEBUG_INFO = NO;
				SDKROOT = iphoneos;
				SWIFT_OPTIMIZATION_LEVEL = "-Owholemodule";
				TARGETED_DEVICE_FAMILY = "1,2";
				VALIDATE_PRODUCT = YES;
			};
			name = Release;
		};
		3E4CD5B71DA820E500B1FF1D /* Debug */ = {
			isa = XCBuildConfiguration;
			buildSettings = {
				ASSETCATALOG_COMPILER_APPICON_NAME = AppIcon;
				DEVELOPMENT_TEAM = C5P6WCW5A6;
				INFOPLIST_FILE = TwoButtonsInStackView/Info.plist;
				LD_RUNPATH_SEARCH_PATHS = "$(inherited) @executable_path/Frameworks";
				PRODUCT_BUNDLE_IDENTIFIER = com.h4labs.TwoButtonsInStackView;
				PRODUCT_NAME = "$(TARGET_NAME)";
				SWIFT_VERSION = 3.0;
			};
			name = Debug;
		};
		3E4CD5B81DA820E500B1FF1D /* Release */ = {
			isa = XCBuildConfiguration;
			buildSettings = {
				ASSETCATALOG_COMPILER_APPICON_NAME = AppIcon;
				DEVELOPMENT_TEAM = C5P6WCW5A6;
				INFOPLIST_FILE = TwoButtonsInStackView/Info.plist;
				LD_RUNPATH_SEARCH_PATHS = "$(inherited) @executable_path/Frameworks";
				PRODUCT_BUNDLE_IDENTIFIER = com.h4labs.TwoButtonsInStackView;
				PRODUCT_NAME = "$(TARGET_NAME)";
				SWIFT_VERSION = 3.0;
			};
			name = Release;
		};
/* End XCBuildConfiguration section */

/* Begin XCConfigurationList section */
		3E4CD59F1DA820E500B1FF1D /* Build configuration list for PBXProject "TwoButtonsInStackView" */ = {
			isa = XCConfigurationList;
			buildConfigurations = (
				3E4CD5B41DA820E500B1FF1D /* Debug */,
				3E4CD5B51DA820E500B1FF1D /* Release */,
			);
			defaultConfigurationIsVisible = 0;
			defaultConfigurationName = Release;
		};
		3E4CD5B61DA820E500B1FF1D /* Build configuration list for PBXNativeTarget "TwoButtonsInStackView" */ = {
			isa = XCConfigurationList;
			buildConfigurations = (
				3E4CD5B71DA820E500B1FF1D /* Debug */,
				3E4CD5B81DA820E500B1FF1D /* Release */,
			);
			defaultConfigurationIsVisible = 0;
		};
/* End XCConfigurationList section */
	};
	rootObject = 3E4CD59C1DA820E500B1FF1D /* Project object */;
}
